Microsoft Visual Studio Solution File, Format Version 12.00
# Visual Studio 15
Project("{8BC9CEB8-8B4A-11D0-8D11-00A0C91BC942}") = "ALL_BUILD", "ALL_BUILD.vcxproj", "{56681588-79FB-37DA-B653-3A58FCF2B1DA}"
	ProjectSection(ProjectDependencies) = postProject
		{F6999737-8466-3236-9A4F-9FE985F58828} = {F6999737-8466-3236-9A4F-9FE985F58828}
		{C57AFF19-04C7-3EA2-9FF4-8A81C194A162} = {C57AFF19-04C7-3EA2-9FF4-8A81C194A162}
		{2C2A14D0-3D9B-3289-96F8-404604E3D7E1} = {2C2A14D0-3D9B-3289-96F8-404604E3D7E1}
		{2FCA232F-99BB-3E3D-ABF1-B485D48EF234} = {2FCA232F-99BB-3E3D-ABF1-B485D48EF234}
		{759809E5-751A-3038-9793-139726E72073} = {759809E5-751A-3038-9793-139726E72073}
		{984EFB88-3190-3C20-B109-9190DED0B2A6} = {984EFB88-3190-3C20-B109-9190DED0B2A6}
		{EEC7275D-9500-3117-9F82-711F6671D2D8} = {EEC7275D-9500-3117-9F82-711F6671D2D8}
		{8A336F32-9A03-3F50-8B00-99A14137A941} = {8A336F32-9A03-3F50-8B00-99A14137A941}
		{3EF19116-4B55-3DF1-8379-F6FD884A9E16} = {3EF19116-4B55-3DF1-8379-F6FD884A9E16}
		{7456902F-616A-3369-BC10-C74003419E42} = {7456902F-616A-3369-BC10-C74003419E42}
		{43D56F0D-7D18-312D-8A93-F14FF2A05F59} = {43D56F0D-7D18-312D-8A93-F14FF2A05F59}
		{7E6F4018-947A-3141-BF37-4D8AF6ACB4CA} = {7E6F4018-947A-3141-BF37-4D8AF6ACB4CA}
		{8902BA2B-9C58-30CF-AC95-EF7657F60160} = {8902BA2B-9C58-30CF-AC95-EF7657F60160}
		{3EBD75B5-2025-3802-8E11-09CD313B14F7} = {3EBD75B5-2025-3802-8E11-09CD313B14F7}
		{B43464BA-93A0-3D75-A100-8CCD0F9112C3} = {B43464BA-93A0-3D75-A100-8CCD0F9112C3}
		{91B16F02-1746-32AB-B4BF-6E7293F0F071} = {91B16F02-1746-32AB-B4BF-6E7293F0F071}
		{B29840E4-E03F-3846-87BE-22E92DE80377} = {B29840E4-E03F-3846-87BE-22E92DE80377}
		{61D26E5E-C0FD-3292-9A28-B8AAC2410C8B} = {61D26E5E-C0FD-3292-9A28-B8AAC2410C8B}
		{B635E8F4-6BD3-329D-8844-3503E9611FFB} = {B635E8F4-6BD3-329D-8844-3503E9611FFB}
		{FBB81B7B-286A-3E55-9398-22F41BD36D76} = {FBB81B7B-286A-3E55-9398-22F41BD36D76}
		{CD6706A8-6A80-34D2-85B2-106B462989BC} = {CD6706A8-6A80-34D2-85B2-106B462989BC}
	EndProjectSection
EndProject
Project("{8BC9CEB8-8B4A-11D0-8D11-00A0C91BC942}") = "INSTALL", "INSTALL.vcxproj", "{31206111-AB61-31F0-8395-4B29FAA203AB}"
	ProjectSection(ProjectDependencies) = postProject
		{56681588-79FB-37DA-B653-3A58FCF2B1DA} = {56681588-79FB-37DA-B653-3A58FCF2B1DA}
		{F6999737-8466-3236-9A4F-9FE985F58828} = {F6999737-8466-3236-9A4F-9FE985F58828}
	EndProjectSection
EndProject
Project("{8BC9CEB8-8B4A-11D0-8D11-00A0C91BC942}") = "RUN_TESTS", "RUN_TESTS.vcxproj", "{A754EF2E-2CCA-3826-B8EF-5C91E0886E8C}"
	ProjectSection(ProjectDependencies) = postProject
		{F6999737-8466-3236-9A4F-9FE985F58828} = {F6999737-8466-3236-9A4F-9FE985F58828}
	EndProjectSection
EndProject
Project("{8BC9CEB8-8B4A-11D0-8D11-00A0C91BC942}") = "ZERO_CHECK", "ZERO_CHECK.vcxproj", "{F6999737-8466-3236-9A4F-9FE985F58828}"
	ProjectSection(ProjectDependencies) = postProject
	EndProjectSection
EndProject
Project("{8BC9CEB8-8B4A-11D0-8D11-00A0C91BC942}") = "cjpeg", "sharedlib\cjpeg.vcxproj", "{C57AFF19-04C7-3EA2-9FF4-8A81C194A162}"
	ProjectSection(ProjectDependencies) = postProject
		{F6999737-8466-3236-9A4F-9FE985F58828} = {F6999737-8466-3236-9A4F-9FE985F58828}
		{EEC7275D-9500-3117-9F82-711F6671D2D8} = {EEC7275D-9500-3117-9F82-711F6671D2D8}
	EndProjectSection
EndProject
Project("{8BC9CEB8-8B4A-11D0-8D11-00A0C91BC942}") = "cjpeg-static", "cjpeg-static.vcxproj", "{2C2A14D0-3D9B-3289-96F8-404604E3D7E1}"
	ProjectSection(ProjectDependencies) = postProject
		{F6999737-8466-3236-9A4F-9FE985F58828} = {F6999737-8466-3236-9A4F-9FE985F58828}
		{8A336F32-9A03-3F50-8B00-99A14137A941} = {8A336F32-9A03-3F50-8B00-99A14137A941}
	EndProjectSection
EndProject
Project("{8BC9CEB8-8B4A-11D0-8D11-00A0C91BC942}") = "dist", "dist.vcxproj", "{D5410FBF-4EFB-3967-A8E0-31B730E508A0}"
	ProjectSection(ProjectDependencies) = postProject
		{F6999737-8466-3236-9A4F-9FE985F58828} = {F6999737-8466-3236-9A4F-9FE985F58828}
	EndProjectSection
EndProject
Project("{8BC9CEB8-8B4A-11D0-8D11-00A0C91BC942}") = "djpeg", "sharedlib\djpeg.vcxproj", "{2FCA232F-99BB-3E3D-ABF1-B485D48EF234}"
	ProjectSection(ProjectDependencies) = postProject
		{F6999737-8466-3236-9A4F-9FE985F58828} = {F6999737-8466-3236-9A4F-9FE985F58828}
		{EEC7275D-9500-3117-9F82-711F6671D2D8} = {EEC7275D-9500-3117-9F82-711F6671D2D8}
	EndProjectSection
EndProject
Project("{8BC9CEB8-8B4A-11D0-8D11-00A0C91BC942}") = "djpeg-static", "djpeg-static.vcxproj", "{759809E5-751A-3038-9793-139726E72073}"
	ProjectSection(ProjectDependencies) = postProject
		{F6999737-8466-3236-9A4F-9FE985F58828} = {F6999737-8466-3236-9A4F-9FE985F58828}
		{8A336F32-9A03-3F50-8B00-99A14137A941} = {8A336F32-9A03-3F50-8B00-99A14137A941}
	EndProjectSection
EndProject
Project("{8BC9CEB8-8B4A-11D0-8D11-00A0C91BC942}") = "installer", "installer.vcxproj", "{3FDE69D5-FE5A-3F38-95EE-8EBD8CC31109}"
	ProjectSection(ProjectDependencies) = postProject
		{F6999737-8466-3236-9A4F-9FE985F58828} = {F6999737-8466-3236-9A4F-9FE985F58828}
		{C57AFF19-04C7-3EA2-9FF4-8A81C194A162} = {C57AFF19-04C7-3EA2-9FF4-8A81C194A162}
		{2FCA232F-99BB-3E3D-ABF1-B485D48EF234} = {2FCA232F-99BB-3E3D-ABF1-B485D48EF234}
		{EEC7275D-9500-3117-9F82-711F6671D2D8} = {EEC7275D-9500-3117-9F82-711F6671D2D8}
		{8A336F32-9A03-3F50-8B00-99A14137A941} = {8A336F32-9A03-3F50-8B00-99A14137A941}
		{3EF19116-4B55-3DF1-8379-F6FD884A9E16} = {3EF19116-4B55-3DF1-8379-F6FD884A9E16}
		{7E6F4018-947A-3141-BF37-4D8AF6ACB4CA} = {7E6F4018-947A-3141-BF37-4D8AF6ACB4CA}
		{3EBD75B5-2025-3802-8E11-09CD313B14F7} = {3EBD75B5-2025-3802-8E11-09CD313B14F7}
		{B635E8F4-6BD3-329D-8844-3503E9611FFB} = {B635E8F4-6BD3-329D-8844-3503E9611FFB}
		{FBB81B7B-286A-3E55-9398-22F41BD36D76} = {FBB81B7B-286A-3E55-9398-22F41BD36D76}
		{CD6706A8-6A80-34D2-85B2-106B462989BC} = {CD6706A8-6A80-34D2-85B2-106B462989BC}
	EndProjectSection
EndProject
Project("{8BC9CEB8-8B4A-11D0-8D11-00A0C91BC942}") = "jcstest", "sharedlib\jcstest.vcxproj", "{984EFB88-3190-3C20-B109-9190DED0B2A6}"
	ProjectSection(ProjectDependencies) = postProject
		{F6999737-8466-3236-9A4F-9FE985F58828} = {F6999737-8466-3236-9A4F-9FE985F58828}
		{EEC7275D-9500-3117-9F82-711F6671D2D8} = {EEC7275D-9500-3117-9F82-711F6671D2D8}
	EndProjectSection
EndProject
Project("{8BC9CEB8-8B4A-11D0-8D11-00A0C91BC942}") = "jpeg", "sharedlib\jpeg.vcxproj", "{EEC7275D-9500-3117-9F82-711F6671D2D8}"
	ProjectSection(ProjectDependencies) = postProject
		{F6999737-8466-3236-9A4F-9FE985F58828} = {F6999737-8466-3236-9A4F-9FE985F58828}
		{8902BA2B-9C58-30CF-AC95-EF7657F60160} = {8902BA2B-9C58-30CF-AC95-EF7657F60160}
	EndProjectSection
EndProject
Project("{8BC9CEB8-8B4A-11D0-8D11-00A0C91BC942}") = "jpeg-static", "jpeg-static.vcxproj", "{8A336F32-9A03-3F50-8B00-99A14137A941}"
	ProjectSection(ProjectDependencies) = postProject
		{F6999737-8466-3236-9A4F-9FE985F58828} = {F6999737-8466-3236-9A4F-9FE985F58828}
		{8902BA2B-9C58-30CF-AC95-EF7657F60160} = {8902BA2B-9C58-30CF-AC95-EF7657F60160}
	EndProjectSection
EndProject
Project("{8BC9CEB8-8B4A-11D0-8D11-00A0C91BC942}") = "jpegtran", "sharedlib\jpegtran.vcxproj", "{3EF19116-4B55-3DF1-8379-F6FD884A9E16}"
	ProjectSection(ProjectDependencies) = postProject
		{F6999737-8466-3236-9A4F-9FE985F58828} = {F6999737-8466-3236-9A4F-9FE985F58828}
		{EEC7275D-9500-3117-9F82-711F6671D2D8} = {EEC7275D-9500-3117-9F82-711F6671D2D8}
	EndProjectSection
EndProject
Project("{8BC9CEB8-8B4A-11D0-8D11-00A0C91BC942}") = "jpegtran-static", "jpegtran-static.vcxproj", "{7456902F-616A-3369-BC10-C74003419E42}"
	ProjectSection(ProjectDependencies) = postProject
		{F6999737-8466-3236-9A4F-9FE985F58828} = {F6999737-8466-3236-9A4F-9FE985F58828}
		{8A336F32-9A03-3F50-8B00-99A14137A941} = {8A336F32-9A03-3F50-8B00-99A14137A941}
	EndProjectSection
EndProject
Project("{8BC9CEB8-8B4A-11D0-8D11-00A0C91BC942}") = "jsimdcfg", "simd\jsimdcfg.vcxproj", "{C22FAC27-CFE7-38C1-8E7E-FD9F110AF880}"
	ProjectSection(ProjectDependencies) = postProject
		{F6999737-8466-3236-9A4F-9FE985F58828} = {F6999737-8466-3236-9A4F-9FE985F58828}
	EndProjectSection
EndProject
Project("{8BC9CEB8-8B4A-11D0-8D11-00A0C91BC942}") = "md5cmp", "md5\md5cmp.vcxproj", "{43D56F0D-7D18-312D-8A93-F14FF2A05F59}"
	ProjectSection(ProjectDependencies) = postProject
		{F6999737-8466-3236-9A4F-9FE985F58828} = {F6999737-8466-3236-9A4F-9FE985F58828}
	EndProjectSection
EndProject
Project("{8BC9CEB8-8B4A-11D0-8D11-00A0C91BC942}") = "rdjpgcom", "rdjpgcom.vcxproj", "{7E6F4018-947A-3141-BF37-4D8AF6ACB4CA}"
	ProjectSection(ProjectDependencies) = postProject
		{F6999737-8466-3236-9A4F-9FE985F58828} = {F6999737-8466-3236-9A4F-9FE985F58828}
	EndProjectSection
EndProject
Project("{8BC9CEB8-8B4A-11D0-8D11-00A0C91BC942}") = "simd", "simd\simd.vcxproj", "{8902BA2B-9C58-30CF-AC95-EF7657F60160}"
	ProjectSection(ProjectDependencies) = postProject
		{F6999737-8466-3236-9A4F-9FE985F58828} = {F6999737-8466-3236-9A4F-9FE985F58828}
		{46005643-41E1-31A4-BCA2-D251EEE7550E} = {46005643-41E1-31A4-BCA2-D251EEE7550E}
	EndProjectSection
EndProject
Project("{8BC9CEB8-8B4A-11D0-8D11-00A0C91BC942}") = "simd-objs", "simd\simd-objs.vcxproj", "{46005643-41E1-31A4-BCA2-D251EEE7550E}"
	ProjectSection(ProjectDependencies) = postProject
		{F6999737-8466-3236-9A4F-9FE985F58828} = {F6999737-8466-3236-9A4F-9FE985F58828}
	EndProjectSection
EndProject
Project("{8BC9CEB8-8B4A-11D0-8D11-00A0C91BC942}") = "tarball", "tarball.vcxproj", "{97A4D82E-0512-3F31-83B2-131D5B42A33A}"
	ProjectSection(ProjectDependencies) = postProject
		{F6999737-8466-3236-9A4F-9FE985F58828} = {F6999737-8466-3236-9A4F-9FE985F58828}
	EndProjectSection
EndProject
Project("{8BC9CEB8-8B4A-11D0-8D11-00A0C91BC942}") = "testclean", "testclean.vcxproj", "{16601CEA-8DD5-36C5-A947-95DD48041CE4}"
	ProjectSection(ProjectDependencies) = postProject
		{F6999737-8466-3236-9A4F-9FE985F58828} = {F6999737-8466-3236-9A4F-9FE985F58828}
	EndProjectSection
EndProject
Project("{8BC9CEB8-8B4A-11D0-8D11-00A0C91BC942}") = "tjbench", "tjbench.vcxproj", "{3EBD75B5-2025-3802-8E11-09CD313B14F7}"
	ProjectSection(ProjectDependencies) = postProject
		{F6999737-8466-3236-9A4F-9FE985F58828} = {F6999737-8466-3236-9A4F-9FE985F58828}
		{B635E8F4-6BD3-329D-8844-3503E9611FFB} = {B635E8F4-6BD3-329D-8844-3503E9611FFB}
	EndProjectSection
EndProject
Project("{8BC9CEB8-8B4A-11D0-8D11-00A0C91BC942}") = "tjbench-static", "tjbench-static.vcxproj", "{B43464BA-93A0-3D75-A100-8CCD0F9112C3}"
	ProjectSection(ProjectDependencies) = postProject
		{F6999737-8466-3236-9A4F-9FE985F58828} = {F6999737-8466-3236-9A4F-9FE985F58828}
		{FBB81B7B-286A-3E55-9398-22F41BD36D76} = {FBB81B7B-286A-3E55-9398-22F41BD36D76}
	EndProjectSection
EndProject
Project("{8BC9CEB8-8B4A-11D0-8D11-00A0C91BC942}") = "tjexample", "tjexample.vcxproj", "{91B16F02-1746-32AB-B4BF-6E7293F0F071}"
	ProjectSection(ProjectDependencies) = postProject
		{F6999737-8466-3236-9A4F-9FE985F58828} = {F6999737-8466-3236-9A4F-9FE985F58828}
		{B635E8F4-6BD3-329D-8844-3503E9611FFB} = {B635E8F4-6BD3-329D-8844-3503E9611FFB}
	EndProjectSection
EndProject
Project("{8BC9CEB8-8B4A-11D0-8D11-00A0C91BC942}") = "tjtest", "tjtest.vcxproj", "{23002B5C-9C2F-366B-91F4-F88E62B36461}"
	ProjectSection(ProjectDependencies) = postProject
		{F6999737-8466-3236-9A4F-9FE985F58828} = {F6999737-8466-3236-9A4F-9FE985F58828}
	EndProjectSection
EndProject
Project("{8BC9CEB8-8B4A-11D0-8D11-00A0C91BC942}") = "tjunittest", "tjunittest.vcxproj", "{B29840E4-E03F-3846-87BE-22E92DE80377}"
	ProjectSection(ProjectDependencies) = postProject
		{F6999737-8466-3236-9A4F-9FE985F58828} = {F6999737-8466-3236-9A4F-9FE985F58828}
		{B635E8F4-6BD3-329D-8844-3503E9611FFB} = {B635E8F4-6BD3-329D-8844-3503E9611FFB}
	EndProjectSection
EndProject
Project("{8BC9CEB8-8B4A-11D0-8D11-00A0C91BC942}") = "tjunittest-static", "tjunittest-static.vcxproj", "{61D26E5E-C0FD-3292-9A28-B8AAC2410C8B}"
	ProjectSection(ProjectDependencies) = postProject
		{F6999737-8466-3236-9A4F-9FE985F58828} = {F6999737-8466-3236-9A4F-9FE985F58828}
		{FBB81B7B-286A-3E55-9398-22F41BD36D76} = {FBB81B7B-286A-3E55-9398-22F41BD36D76}
	EndProjectSection
EndProject
Project("{8BC9CEB8-8B4A-11D0-8D11-00A0C91BC942}") = "turbojpeg", "turbojpeg.vcxproj", "{B635E8F4-6BD3-329D-8844-3503E9611FFB}"
	ProjectSection(ProjectDependencies) = postProject
		{F6999737-8466-3236-9A4F-9FE985F58828} = {F6999737-8466-3236-9A4F-9FE985F58828}
		{8902BA2B-9C58-30CF-AC95-EF7657F60160} = {8902BA2B-9C58-30CF-AC95-EF7657F60160}
	EndProjectSection
EndProject
Project("{8BC9CEB8-8B4A-11D0-8D11-00A0C91BC942}") = "turbojpeg-static", "turbojpeg-static.vcxproj", "{FBB81B7B-286A-3E55-9398-22F41BD36D76}"
	ProjectSection(ProjectDependencies) = postProject
		{F6999737-8466-3236-9A4F-9FE985F58828} = {F6999737-8466-3236-9A4F-9FE985F58828}
		{8902BA2B-9C58-30CF-AC95-EF7657F60160} = {8902BA2B-9C58-30CF-AC95-EF7657F60160}
	EndProjectSection
EndProject
Project("{8BC9CEB8-8B4A-11D0-8D11-00A0C91BC942}") = "uninstall", "uninstall.vcxproj", "{D03C7BD6-8CD5-3B4D-8866-49DFC7F65E96}"
	ProjectSection(ProjectDependencies) = postProject
		{F6999737-8466-3236-9A4F-9FE985F58828} = {F6999737-8466-3236-9A4F-9FE985F58828}
	EndProjectSection
EndProject
Project("{8BC9CEB8-8B4A-11D0-8D11-00A0C91BC942}") = "wrjpgcom", "wrjpgcom.vcxproj", "{CD6706A8-6A80-34D2-85B2-106B462989BC}"
	ProjectSection(ProjectDependencies) = postProject
		{F6999737-8466-3236-9A4F-9FE985F58828} = {F6999737-8466-3236-9A4F-9FE985F58828}
	EndProjectSection
EndProject
Global
	GlobalSection(SolutionConfigurationPlatforms) = preSolution
		Debug|Win32 = Debug|Win32
		Release|Win32 = Release|Win32
		MinSizeRel|Win32 = MinSizeRel|Win32
		RelWithDebInfo|Win32 = RelWithDebInfo|Win32
	EndGlobalSection
	GlobalSection(ProjectConfigurationPlatforms) = postSolution
		{56681588-79FB-37DA-B653-3A58FCF2B1DA}.Debug|Win32.ActiveCfg = Debug|Win32
		{56681588-79FB-37DA-B653-3A58FCF2B1DA}.Debug|Win32.Build.0 = Debug|Win32
		{56681588-79FB-37DA-B653-3A58FCF2B1DA}.Release|Win32.ActiveCfg = Release|Win32
		{56681588-79FB-37DA-B653-3A58FCF2B1DA}.Release|Win32.Build.0 = Release|Win32
		{56681588-79FB-37DA-B653-3A58FCF2B1DA}.MinSizeRel|Win32.ActiveCfg = MinSizeRel|Win32
		{56681588-79FB-37DA-B653-3A58FCF2B1DA}.MinSizeRel|Win32.Build.0 = MinSizeRel|Win32
		{56681588-79FB-37DA-B653-3A58FCF2B1DA}.RelWithDebInfo|Win32.ActiveCfg = RelWithDebInfo|Win32
		{56681588-79FB-37DA-B653-3A58FCF2B1DA}.RelWithDebInfo|Win32.Build.0 = RelWithDebInfo|Win32
		{31206111-AB61-31F0-8395-4B29FAA203AB}.Debug|Win32.ActiveCfg = Debug|Win32
		{31206111-AB61-31F0-8395-4B29FAA203AB}.Release|Win32.ActiveCfg = Release|Win32
		{31206111-AB61-31F0-8395-4B29FAA203AB}.MinSizeRel|Win32.ActiveCfg = MinSizeRel|Win32
		{31206111-AB61-31F0-8395-4B29FAA203AB}.RelWithDebInfo|Win32.ActiveCfg = RelWithDebInfo|Win32
		{A754EF2E-2CCA-3826-B8EF-5C91E0886E8C}.Debug|Win32.ActiveCfg = Debug|Win32
		{A754EF2E-2CCA-3826-B8EF-5C91E0886E8C}.Release|Win32.ActiveCfg = Release|Win32
		{A754EF2E-2CCA-3826-B8EF-5C91E0886E8C}.MinSizeRel|Win32.ActiveCfg = MinSizeRel|Win32
		{A754EF2E-2CCA-3826-B8EF-5C91E0886E8C}.RelWithDebInfo|Win32.ActiveCfg = RelWithDebInfo|Win32
		{F6999737-8466-3236-9A4F-9FE985F58828}.Debug|Win32.ActiveCfg = Debug|Win32
		{F6999737-8466-3236-9A4F-9FE985F58828}.Debug|Win32.Build.0 = Debug|Win32
		{F6999737-8466-3236-9A4F-9FE985F58828}.Release|Win32.ActiveCfg = Release|Win32
		{F6999737-8466-3236-9A4F-9FE985F58828}.Release|Win32.Build.0 = Release|Win32
		{F6999737-8466-3236-9A4F-9FE985F58828}.MinSizeRel|Win32.ActiveCfg = MinSizeRel|Win32
		{F6999737-8466-3236-9A4F-9FE985F58828}.MinSizeRel|Win32.Build.0 = MinSizeRel|Win32
		{F6999737-8466-3236-9A4F-9FE985F58828}.RelWithDebInfo|Win32.ActiveCfg = RelWithDebInfo|Win32
		{F6999737-8466-3236-9A4F-9FE985F58828}.RelWithDebInfo|Win32.Build.0 = RelWithDebInfo|Win32
		{C57AFF19-04C7-3EA2-9FF4-8A81C194A162}.Debug|Win32.ActiveCfg = Debug|Win32
		{C57AFF19-04C7-3EA2-9FF4-8A81C194A162}.Debug|Win32.Build.0 = Debug|Win32
		{C57AFF19-04C7-3EA2-9FF4-8A81C194A162}.Release|Win32.ActiveCfg = Release|Win32
		{C57AFF19-04C7-3EA2-9FF4-8A81C194A162}.Release|Win32.Build.0 = Release|Win32
		{C57AFF19-04C7-3EA2-9FF4-8A81C194A162}.MinSizeRel|Win32.ActiveCfg = MinSizeRel|Win32
		{C57AFF19-04C7-3EA2-9FF4-8A81C194A162}.MinSizeRel|Win32.Build.0 = MinSizeRel|Win32
		{C57AFF19-04C7-3EA2-9FF4-8A81C194A162}.RelWithDebInfo|Win32.ActiveCfg = RelWithDebInfo|Win32
		{C57AFF19-04C7-3EA2-9FF4-8A81C194A162}.RelWithDebInfo|Win32.Build.0 = RelWithDebInfo|Win32
		{2C2A14D0-3D9B-3289-96F8-404604E3D7E1}.Debug|Win32.ActiveCfg = Debug|Win32
		{2C2A14D0-3D9B-3289-96F8-404604E3D7E1}.Debug|Win32.Build.0 = Debug|Win32
		{2C2A14D0-3D9B-3289-96F8-404604E3D7E1}.Release|Win32.ActiveCfg = Release|Win32
		{2C2A14D0-3D9B-3289-96F8-404604E3D7E1}.Release|Win32.Build.0 = Release|Win32
		{2C2A14D0-3D9B-3289-96F8-404604E3D7E1}.MinSizeRel|Win32.ActiveCfg = MinSizeRel|Win32
		{2C2A14D0-3D9B-3289-96F8-404604E3D7E1}.MinSizeRel|Win32.Build.0 = MinSizeRel|Win32
		{2C2A14D0-3D9B-3289-96F8-404604E3D7E1}.RelWithDebInfo|Win32.ActiveCfg = RelWithDebInfo|Win32
		{2C2A14D0-3D9B-3289-96F8-404604E3D7E1}.RelWithDebInfo|Win32.Build.0 = RelWithDebInfo|Win32
		{D5410FBF-4EFB-3967-A8E0-31B730E508A0}.Debug|Win32.ActiveCfg = Debug|Win32
		{D5410FBF-4EFB-3967-A8E0-31B730E508A0}.Release|Win32.ActiveCfg = Release|Win32
		{D5410FBF-4EFB-3967-A8E0-31B730E508A0}.MinSizeRel|Win32.ActiveCfg = MinSizeRel|Win32
		{D5410FBF-4EFB-3967-A8E0-31B730E508A0}.RelWithDebInfo|Win32.ActiveCfg = RelWithDebInfo|Win32
		{2FCA232F-99BB-3E3D-ABF1-B485D48EF234}.Debug|Win32.ActiveCfg = Debug|Win32
		{2FCA232F-99BB-3E3D-ABF1-B485D48EF234}.Debug|Win32.Build.0 = Debug|Win32
		{2FCA232F-99BB-3E3D-ABF1-B485D48EF234}.Release|Win32.ActiveCfg = Release|Win32
		{2FCA232F-99BB-3E3D-ABF1-B485D48EF234}.Release|Win32.Build.0 = Release|Win32
		{2FCA232F-99BB-3E3D-ABF1-B485D48EF234}.MinSizeRel|Win32.ActiveCfg = MinSizeRel|Win32
		{2FCA232F-99BB-3E3D-ABF1-B485D48EF234}.MinSizeRel|Win32.Build.0 = MinSizeRel|Win32
		{2FCA232F-99BB-3E3D-ABF1-B485D48EF234}.RelWithDebInfo|Win32.ActiveCfg = RelWithDebInfo|Win32
		{2FCA232F-99BB-3E3D-ABF1-B485D48EF234}.RelWithDebInfo|Win32.Build.0 = RelWithDebInfo|Win32
		{759809E5-751A-3038-9793-139726E72073}.Debug|Win32.ActiveCfg = Debug|Win32
		{759809E5-751A-3038-9793-139726E72073}.Debug|Win32.Build.0 = Debug|Win32
		{759809E5-751A-3038-9793-139726E72073}.Release|Win32.ActiveCfg = Release|Win32
		{759809E5-751A-3038-9793-139726E72073}.Release|Win32.Build.0 = Release|Win32
		{759809E5-751A-3038-9793-139726E72073}.MinSizeRel|Win32.ActiveCfg = MinSizeRel|Win32
		{759809E5-751A-3038-9793-139726E72073}.MinSizeRel|Win32.Build.0 = MinSizeRel|Win32
		{759809E5-751A-3038-9793-139726E72073}.RelWithDebInfo|Win32.ActiveCfg = RelWithDebInfo|Win32
		{759809E5-751A-3038-9793-139726E72073}.RelWithDebInfo|Win32.Build.0 = RelWithDebInfo|Win32
		{3FDE69D5-FE5A-3F38-95EE-8EBD8CC31109}.Debug|Win32.ActiveCfg = Debug|Win32
		{3FDE69D5-FE5A-3F38-95EE-8EBD8CC31109}.Release|Win32.ActiveCfg = Release|Win32
		{3FDE69D5-FE5A-3F38-95EE-8EBD8CC31109}.MinSizeRel|Win32.ActiveCfg = MinSizeRel|Win32
		{3FDE69D5-FE5A-3F38-95EE-8EBD8CC31109}.RelWithDebInfo|Win32.ActiveCfg = RelWithDebInfo|Win32
		{984EFB88-3190-3C20-B109-9190DED0B2A6}.Debug|Win32.ActiveCfg = Debug|Win32
		{984EFB88-3190-3C20-B109-9190DED0B2A6}.Debug|Win32.Build.0 = Debug|Win32
		{984EFB88-3190-3C20-B109-9190DED0B2A6}.Release|Win32.ActiveCfg = Release|Win32
		{984EFB88-3190-3C20-B109-9190DED0B2A6}.Release|Win32.Build.0 = Release|Win32
		{984EFB88-3190-3C20-B109-9190DED0B2A6}.MinSizeRel|Win32.ActiveCfg = MinSizeRel|Win32
		{984EFB88-3190-3C20-B109-9190DED0B2A6}.MinSizeRel|Win32.Build.0 = MinSizeRel|Win32
		{984EFB88-3190-3C20-B109-9190DED0B2A6}.RelWithDebInfo|Win32.ActiveCfg = RelWithDebInfo|Win32
		{984EFB88-3190-3C20-B109-9190DED0B2A6}.RelWithDebInfo|Win32.Build.0 = RelWithDebInfo|Win32
		{EEC7275D-9500-3117-9F82-711F6671D2D8}.Debug|Win32.ActiveCfg = Debug|Win32
		{EEC7275D-9500-3117-9F82-711F6671D2D8}.Debug|Win32.Build.0 = Debug|Win32
		{EEC7275D-9500-3117-9F82-711F6671D2D8}.Release|Win32.ActiveCfg = Release|Win32
		{EEC7275D-9500-3117-9F82-711F6671D2D8}.Release|Win32.Build.0 = Release|Win32
		{EEC7275D-9500-3117-9F82-711F6671D2D8}.MinSizeRel|Win32.ActiveCfg = MinSizeRel|Win32
		{EEC7275D-9500-3117-9F82-711F6671D2D8}.MinSizeRel|Win32.Build.0 = MinSizeRel|Win32
		{EEC7275D-9500-3117-9F82-711F6671D2D8}.RelWithDebInfo|Win32.ActiveCfg = RelWithDebInfo|Win32
		{EEC7275D-9500-3117-9F82-711F6671D2D8}.RelWithDebInfo|Win32.Build.0 = RelWithDebInfo|Win32
		{8A336F32-9A03-3F50-8B00-99A14137A941}.Debug|Win32.ActiveCfg = Debug|Win32
		{8A336F32-9A03-3F50-8B00-99A14137A941}.Debug|Win32.Build.0 = Debug|Win32
		{8A336F32-9A03-3F50-8B00-99A14137A941}.Release|Win32.ActiveCfg = Release|Win32
		{8A336F32-9A03-3F50-8B00-99A14137A941}.Release|Win32.Build.0 = Release|Win32
		{8A336F32-9A03-3F50-8B00-99A14137A941}.MinSizeRel|Win32.ActiveCfg = MinSizeRel|Win32
		{8A336F32-9A03-3F50-8B00-99A14137A941}.MinSizeRel|Win32.Build.0 = MinSizeRel|Win32
		{8A336F32-9A03-3F50-8B00-99A14137A941}.RelWithDebInfo|Win32.ActiveCfg = RelWithDebInfo|Win32
		{8A336F32-9A03-3F50-8B00-99A14137A941}.RelWithDebInfo|Win32.Build.0 = RelWithDebInfo|Win32
		{3EF19116-4B55-3DF1-8379-F6FD884A9E16}.Debug|Win32.ActiveCfg = Debug|Win32
		{3EF19116-4B55-3DF1-8379-F6FD884A9E16}.Debug|Win32.Build.0 = Debug|Win32
		{3EF19116-4B55-3DF1-8379-F6FD884A9E16}.Release|Win32.ActiveCfg = Release|Win32
		{3EF19116-4B55-3DF1-8379-F6FD884A9E16}.Release|Win32.Build.0 = Release|Win32
		{3EF19116-4B55-3DF1-8379-F6FD884A9E16}.MinSizeRel|Win32.ActiveCfg = MinSizeRel|Win32
		{3EF19116-4B55-3DF1-8379-F6FD884A9E16}.MinSizeRel|Win32.Build.0 = MinSizeRel|Win32
		{3EF19116-4B55-3DF1-8379-F6FD884A9E16}.RelWithDebInfo|Win32.ActiveCfg = RelWithDebInfo|Win32
		{3EF19116-4B55-3DF1-8379-F6FD884A9E16}.RelWithDebInfo|Win32.Build.0 = RelWithDebInfo|Win32
		{7456902F-616A-3369-BC10-C74003419E42}.Debug|Win32.ActiveCfg = Debug|Win32
		{7456902F-616A-3369-BC10-C74003419E42}.Debug|Win32.Build.0 = Debug|Win32
		{7456902F-616A-3369-BC10-C74003419E42}.Release|Win32.ActiveCfg = Release|Win32
		{7456902F-616A-3369-BC10-C74003419E42}.Release|Win32.Build.0 = Release|Win32
		{7456902F-616A-3369-BC10-C74003419E42}.MinSizeRel|Win32.ActiveCfg = MinSizeRel|Win32
		{7456902F-616A-3369-BC10-C74003419E42}.MinSizeRel|Win32.Build.0 = MinSizeRel|Win32
		{7456902F-616A-3369-BC10-C74003419E42}.RelWithDebInfo|Win32.ActiveCfg = RelWithDebInfo|Win32
		{7456902F-616A-3369-BC10-C74003419E42}.RelWithDebInfo|Win32.Build.0 = RelWithDebInfo|Win32
		{C22FAC27-CFE7-38C1-8E7E-FD9F110AF880}.Debug|Win32.ActiveCfg = Debug|Win32
		{C22FAC27-CFE7-38C1-8E7E-FD9F110AF880}.Release|Win32.ActiveCfg = Release|Win32
		{C22FAC27-CFE7-38C1-8E7E-FD9F110AF880}.MinSizeRel|Win32.ActiveCfg = MinSizeRel|Win32
		{C22FAC27-CFE7-38C1-8E7E-FD9F110AF880}.RelWithDebInfo|Win32.ActiveCfg = RelWithDebInfo|Win32
		{43D56F0D-7D18-312D-8A93-F14FF2A05F59}.Debug|Win32.ActiveCfg = Debug|Win32
		{43D56F0D-7D18-312D-8A93-F14FF2A05F59}.Debug|Win32.Build.0 = Debug|Win32
		{43D56F0D-7D18-312D-8A93-F14FF2A05F59}.Release|Win32.ActiveCfg = Release|Win32
		{43D56F0D-7D18-312D-8A93-F14FF2A05F59}.Release|Win32.Build.0 = Release|Win32
		{43D56F0D-7D18-312D-8A93-F14FF2A05F59}.MinSizeRel|Win32.ActiveCfg = MinSizeRel|Win32
		{43D56F0D-7D18-312D-8A93-F14FF2A05F59}.MinSizeRel|Win32.Build.0 = MinSizeRel|Win32
		{43D56F0D-7D18-312D-8A93-F14FF2A05F59}.RelWithDebInfo|Win32.ActiveCfg = RelWithDebInfo|Win32
		{43D56F0D-7D18-312D-8A93-F14FF2A05F59}.RelWithDebInfo|Win32.Build.0 = RelWithDebInfo|Win32
		{7E6F4018-947A-3141-BF37-4D8AF6ACB4CA}.Debug|Win32.ActiveCfg = Debug|Win32
		{7E6F4018-947A-3141-BF37-4D8AF6ACB4CA}.Debug|Win32.Build.0 = Debug|Win32
		{7E6F4018-947A-3141-BF37-4D8AF6ACB4CA}.Release|Win32.ActiveCfg = Release|Win32
		{7E6F4018-947A-3141-BF37-4D8AF6ACB4CA}.Release|Win32.Build.0 = Release|Win32
		{7E6F4018-947A-3141-BF37-4D8AF6ACB4CA}.MinSizeRel|Win32.ActiveCfg = MinSizeRel|Win32
		{7E6F4018-947A-3141-BF37-4D8AF6ACB4CA}.MinSizeRel|Win32.Build.0 = MinSizeRel|Win32
		{7E6F4018-947A-3141-BF37-4D8AF6ACB4CA}.RelWithDebInfo|Win32.ActiveCfg = RelWithDebInfo|Win32
		{7E6F4018-947A-3141-BF37-4D8AF6ACB4CA}.RelWithDebInfo|Win32.Build.0 = RelWithDebInfo|Win32
		{8902BA2B-9C58-30CF-AC95-EF7657F60160}.Debug|Win32.ActiveCfg = Debug|Win32
		{8902BA2B-9C58-30CF-AC95-EF7657F60160}.Debug|Win32.Build.0 = Debug|Win32
		{8902BA2B-9C58-30CF-AC95-EF7657F60160}.Release|Win32.ActiveCfg = Release|Win32
		{8902BA2B-9C58-30CF-AC95-EF7657F60160}.Release|Win32.Build.0 = Release|Win32
		{8902BA2B-9C58-30CF-AC95-EF7657F60160}.MinSizeRel|Win32.ActiveCfg = MinSizeRel|Win32
		{8902BA2B-9C58-30CF-AC95-EF7657F60160}.MinSizeRel|Win32.Build.0 = MinSizeRel|Win32
		{8902BA2B-9C58-30CF-AC95-EF7657F60160}.RelWithDebInfo|Win32.ActiveCfg = RelWithDebInfo|Win32
		{8902BA2B-9C58-30CF-AC95-EF7657F60160}.RelWithDebInfo|Win32.Build.0 = RelWithDebInfo|Win32
		{46005643-41E1-31A4-BCA2-D251EEE7550E}.Debug|Win32.ActiveCfg = Debug|Win32
		{46005643-41E1-31A4-BCA2-D251EEE7550E}.Debug|Win32.Build.0 = Debug|Win32
		{46005643-41E1-31A4-BCA2-D251EEE7550E}.Release|Win32.ActiveCfg = Release|Win32
		{46005643-41E1-31A4-BCA2-D251EEE7550E}.Release|Win32.Build.0 = Release|Win32
		{46005643-41E1-31A4-BCA2-D251EEE7550E}.MinSizeRel|Win32.ActiveCfg = MinSizeRel|Win32
		{46005643-41E1-31A4-BCA2-D251EEE7550E}.MinSizeRel|Win32.Build.0 = MinSizeRel|Win32
		{46005643-41E1-31A4-BCA2-D251EEE7550E}.RelWithDebInfo|Win32.ActiveCfg = RelWithDebInfo|Win32
		{46005643-41E1-31A4-BCA2-D251EEE7550E}.RelWithDebInfo|Win32.Build.0 = RelWithDebInfo|Win32
		{97A4D82E-0512-3F31-83B2-131D5B42A33A}.Debug|Win32.ActiveCfg = Debug|Win32
		{97A4D82E-0512-3F31-83B2-131D5B42A33A}.Release|Win32.ActiveCfg = Release|Win32
		{97A4D82E-0512-3F31-83B2-131D5B42A33A}.MinSizeRel|Win32.ActiveCfg = MinSizeRel|Win32
		{97A4D82E-0512-3F31-83B2-131D5B42A33A}.RelWithDebInfo|Win32.ActiveCfg = RelWithDebInfo|Win32
		{16601CEA-8DD5-36C5-A947-95DD48041CE4}.Debug|Win32.ActiveCfg = Debug|Win32
		{16601CEA-8DD5-36C5-A947-95DD48041CE4}.Release|Win32.ActiveCfg = Release|Win32
		{16601CEA-8DD5-36C5-A947-95DD48041CE4}.MinSizeRel|Win32.ActiveCfg = MinSizeRel|Win32
		{16601CEA-8DD5-36C5-A947-95DD48041CE4}.RelWithDebInfo|Win32.ActiveCfg = RelWithDebInfo|Win32
		{3EBD75B5-2025-3802-8E11-09CD313B14F7}.Debug|Win32.ActiveCfg = Debug|Win32
		{3EBD75B5-2025-3802-8E11-09CD313B14F7}.Debug|Win32.Build.0 = Debug|Win32
		{3EBD75B5-2025-3802-8E11-09CD313B14F7}.Release|Win32.ActiveCfg = Release|Win32
		{3EBD75B5-2025-3802-8E11-09CD313B14F7}.Release|Win32.Build.0 = Release|Win32
		{3EBD75B5-2025-3802-8E11-09CD313B14F7}.MinSizeRel|Win32.ActiveCfg = MinSizeRel|Win32
		{3EBD75B5-2025-3802-8E11-09CD313B14F7}.MinSizeRel|Win32.Build.0 = MinSizeRel|Win32
		{3EBD75B5-2025-3802-8E11-09CD313B14F7}.RelWithDebInfo|Win32.ActiveCfg = RelWithDebInfo|Win32
		{3EBD75B5-2025-3802-8E11-09CD313B14F7}.RelWithDebInfo|Win32.Build.0 = RelWithDebInfo|Win32
		{B43464BA-93A0-3D75-A100-8CCD0F9112C3}.Debug|Win32.ActiveCfg = Debug|Win32
		{B43464BA-93A0-3D75-A100-8CCD0F9112C3}.Debug|Win32.Build.0 = Debug|Win32
		{B43464BA-93A0-3D75-A100-8CCD0F9112C3}.Release|Win32.ActiveCfg = Release|Win32
		{B43464BA-93A0-3D75-A100-8CCD0F9112C3}.Release|Win32.Build.0 = Release|Win32
		{B43464BA-93A0-3D75-A100-8CCD0F9112C3}.MinSizeRel|Win32.ActiveCfg = MinSizeRel|Win32
		{B43464BA-93A0-3D75-A100-8CCD0F9112C3}.MinSizeRel|Win32.Build.0 = MinSizeRel|Win32
		{B43464BA-93A0-3D75-A100-8CCD0F9112C3}.RelWithDebInfo|Win32.ActiveCfg = RelWithDebInfo|Win32
		{B43464BA-93A0-3D75-A100-8CCD0F9112C3}.RelWithDebInfo|Win32.Build.0 = RelWithDebInfo|Win32
		{91B16F02-1746-32AB-B4BF-6E7293F0F071}.Debug|Win32.ActiveCfg = Debug|Win32
		{91B16F02-1746-32AB-B4BF-6E7293F0F071}.Debug|Win32.Build.0 = Debug|Win32
		{91B16F02-1746-32AB-B4BF-6E7293F0F071}.Release|Win32.ActiveCfg = Release|Win32
		{91B16F02-1746-32AB-B4BF-6E7293F0F071}.Release|Win32.Build.0 = Release|Win32
		{91B16F02-1746-32AB-B4BF-6E7293F0F071}.MinSizeRel|Win32.ActiveCfg = MinSizeRel|Win32
		{91B16F02-1746-32AB-B4BF-6E7293F0F071}.MinSizeRel|Win32.Build.0 = MinSizeRel|Win32
		{91B16F02-1746-32AB-B4BF-6E7293F0F071}.RelWithDebInfo|Win32.ActiveCfg = RelWithDebInfo|Win32
		{91B16F02-1746-32AB-B4BF-6E7293F0F071}.RelWithDebInfo|Win32.Build.0 = RelWithDebInfo|Win32
		{23002B5C-9C2F-366B-91F4-F88E62B36461}.Debug|Win32.ActiveCfg = Debug|Win32
		{23002B5C-9C2F-366B-91F4-F88E62B36461}.Release|Win32.ActiveCfg = Release|Win32
		{23002B5C-9C2F-366B-91F4-F88E62B36461}.MinSizeRel|Win32.ActiveCfg = MinSizeRel|Win32
		{23002B5C-9C2F-366B-91F4-F88E62B36461}.RelWithDebInfo|Win32.ActiveCfg = RelWithDebInfo|Win32
		{B29840E4-E03F-3846-87BE-22E92DE80377}.Debug|Win32.ActiveCfg = Debug|Win32
		{B29840E4-E03F-3846-87BE-22E92DE80377}.Debug|Win32.Build.0 = Debug|Win32
		{B29840E4-E03F-3846-87BE-22E92DE80377}.Release|Win32.ActiveCfg = Release|Win32
		{B29840E4-E03F-3846-87BE-22E92DE80377}.Release|Win32.Build.0 = Release|Win32
		{B29840E4-E03F-3846-87BE-22E92DE80377}.MinSizeRel|Win32.ActiveCfg = MinSizeRel|Win32
		{B29840E4-E03F-3846-87BE-22E92DE80377}.MinSizeRel|Win32.Build.0 = MinSizeRel|Win32
		{B29840E4-E03F-3846-87BE-22E92DE80377}.RelWithDebInfo|Win32.ActiveCfg = RelWithDebInfo|Win32
		{B29840E4-E03F-3846-87BE-22E92DE80377}.RelWithDebInfo|Win32.Build.0 = RelWithDebInfo|Win32
		{61D26E5E-C0FD-3292-9A28-B8AAC2410C8B}.Debug|Win32.ActiveCfg = Debug|Win32
		{61D26E5E-C0FD-3292-9A28-B8AAC2410C8B}.Debug|Win32.Build.0 = Debug|Win32
		{61D26E5E-C0FD-3292-9A28-B8AAC2410C8B}.Release|Win32.ActiveCfg = Release|Win32
		{61D26E5E-C0FD-3292-9A28-B8AAC2410C8B}.Release|Win32.Build.0 = Release|Win32
		{61D26E5E-C0FD-3292-9A28-B8AAC2410C8B}.MinSizeRel|Win32.ActiveCfg = MinSizeRel|Win32
		{61D26E5E-C0FD-3292-9A28-B8AAC2410C8B}.MinSizeRel|Win32.Build.0 = MinSizeRel|Win32
		{61D26E5E-C0FD-3292-9A28-B8AAC2410C8B}.RelWithDebInfo|Win32.ActiveCfg = RelWithDebInfo|Win32
		{61D26E5E-C0FD-3292-9A28-B8AAC2410C8B}.RelWithDebInfo|Win32.Build.0 = RelWithDebInfo|Win32
		{B635E8F4-6BD3-329D-8844-3503E9611FFB}.Debug|Win32.ActiveCfg = Debug|Win32
		{B635E8F4-6BD3-329D-8844-3503E9611FFB}.Debug|Win32.Build.0 = Debug|Win32
		{B635E8F4-6BD3-329D-8844-3503E9611FFB}.Release|Win32.ActiveCfg = Release|Win32
		{B635E8F4-6BD3-329D-8844-3503E9611FFB}.Release|Win32.Build.0 = Release|Win32
		{B635E8F4-6BD3-329D-8844-3503E9611FFB}.MinSizeRel|Win32.ActiveCfg = MinSizeRel|Win32
		{B635E8F4-6BD3-329D-8844-3503E9611FFB}.MinSizeRel|Win32.Build.0 = MinSizeRel|Win32
		{B635E8F4-6BD3-329D-8844-3503E9611FFB}.RelWithDebInfo|Win32.ActiveCfg = RelWithDebInfo|Win32
		{B635E8F4-6BD3-329D-8844-3503E9611FFB}.RelWithDebInfo|Win32.Build.0 = RelWithDebInfo|Win32
		{FBB81B7B-286A-3E55-9398-22F41BD36D76}.Debug|Win32.ActiveCfg = Debug|Win32
		{FBB81B7B-286A-3E55-9398-22F41BD36D76}.Debug|Win32.Build.0 = Debug|Win32
		{FBB81B7B-286A-3E55-9398-22F41BD36D76}.Release|Win32.ActiveCfg = Release|Win32
		{FBB81B7B-286A-3E55-9398-22F41BD36D76}.Release|Win32.Build.0 = Release|Win32
		{FBB81B7B-286A-3E55-9398-22F41BD36D76}.MinSizeRel|Win32.ActiveCfg = MinSizeRel|Win32
		{FBB81B7B-286A-3E55-9398-22F41BD36D76}.MinSizeRel|Win32.Build.0 = MinSizeRel|Win32
		{FBB81B7B-286A-3E55-9398-22F41BD36D76}.RelWithDebInfo|Win32.ActiveCfg = RelWithDebInfo|Win32
		{FBB81B7B-286A-3E55-9398-22F41BD36D76}.RelWithDebInfo|Win32.Build.0 = RelWithDebInfo|Win32
		{D03C7BD6-8CD5-3B4D-8866-49DFC7F65E96}.Debug|Win32.ActiveCfg = Debug|Win32
		{D03C7BD6-8CD5-3B4D-8866-49DFC7F65E96}.Release|Win32.ActiveCfg = Release|Win32
		{D03C7BD6-8CD5-3B4D-8866-49DFC7F65E96}.MinSizeRel|Win32.ActiveCfg = MinSizeRel|Win32
		{D03C7BD6-8CD5-3B4D-8866-49DFC7F65E96}.RelWithDebInfo|Win32.ActiveCfg = RelWithDebInfo|Win32
		{CD6706A8-6A80-34D2-85B2-106B462989BC}.Debug|Win32.ActiveCfg = Debug|Win32
		{CD6706A8-6A80-34D2-85B2-106B462989BC}.Debug|Win32.Build.0 = Debug|Win32
		{CD6706A8-6A80-34D2-85B2-106B462989BC}.Release|Win32.ActiveCfg = Release|Win32
		{CD6706A8-6A80-34D2-85B2-106B462989BC}.Release|Win32.Build.0 = Release|Win32
		{CD6706A8-6A80-34D2-85B2-106B462989BC}.MinSizeRel|Win32.ActiveCfg = MinSizeRel|Win32
		{CD6706A8-6A80-34D2-85B2-106B462989BC}.MinSizeRel|Win32.Build.0 = MinSizeRel|Win32
		{CD6706A8-6A80-34D2-85B2-106B462989BC}.RelWithDebInfo|Win32.ActiveCfg = RelWithDebInfo|Win32
		{CD6706A8-6A80-34D2-85B2-106B462989BC}.RelWithDebInfo|Win32.Build.0 = RelWithDebInfo|Win32
	EndGlobalSection
	GlobalSection(ExtensibilityGlobals) = postSolution
		SolutionGuid = {1908C57E-1E85-3698-8B50-1A770B39A887}
	EndGlobalSection
	GlobalSection(ExtensibilityAddIns) = postSolution
	EndGlobalSection
EndGlobal
