<?xml version="1.0" encoding="utf-8"?>
<Project ToolsVersion="15.0" xmlns="http://schemas.microsoft.com/developer/msbuild/2003">
  <ItemGroup>
    <ClCompile Include="E:\libjpeg-turbo-master (3)\libjpeg-turbo-master\tjexample.c">
      <Filter>Source Files</Filter>
    </ClCompile>
  </ItemGroup>
  <ItemGroup>
    <CustomBuild Include="E:\libjpeg-turbo-master (3)\libjpeg-turbo-master\CMakeLists.txt" />
  </ItemGroup>
  <ItemGroup>
    <Filter Include="Source Files">
      <UniqueIdentifier>{13849111-DC6A-3FF0-B0B8-4BACE578BBAF}</UniqueIdentifier>
    </Filter>
  </ItemGroup>
</Project>
