<?xml version="1.0" encoding="utf-8"?>
<Project ToolsVersion="15.0" xmlns="http://schemas.microsoft.com/developer/msbuild/2003">
  <ItemGroup>
    <CustomBuild Include="E:\libjpeg-turbo-master (3)\libjpeg-turbo-master\vs2017\CMakeFiles\4707fca084909c1c53c737649b296ee2\jsimdcpu.asm.obj.rule">
      <Filter>CMake Rules</Filter>
    </CustomBuild>
    <CustomBuild Include="E:\libjpeg-turbo-master (3)\libjpeg-turbo-master\vs2017\CMakeFiles\4707fca084909c1c53c737649b296ee2\jfdctflt-3dn.asm.obj.rule">
      <Filter>CMake Rules</Filter>
    </CustomBuild>
    <CustomBuild Include="E:\libjpeg-turbo-master (3)\libjpeg-turbo-master\vs2017\CMakeFiles\4707fca084909c1c53c737649b296ee2\jidctflt-3dn.asm.obj.rule">
      <Filter>CMake Rules</Filter>
    </CustomBuild>
    <CustomBuild Include="E:\libjpeg-turbo-master (3)\libjpeg-turbo-master\vs2017\CMakeFiles\4707fca084909c1c53c737649b296ee2\jquant-3dn.asm.obj.rule">
      <Filter>CMake Rules</Filter>
    </CustomBuild>
    <CustomBuild Include="E:\libjpeg-turbo-master (3)\libjpeg-turbo-master\vs2017\CMakeFiles\4707fca084909c1c53c737649b296ee2\jccolor-mmx.asm.obj.rule">
      <Filter>CMake Rules</Filter>
    </CustomBuild>
    <CustomBuild Include="E:\libjpeg-turbo-master (3)\libjpeg-turbo-master\vs2017\CMakeFiles\4707fca084909c1c53c737649b296ee2\jcgray-mmx.asm.obj.rule">
      <Filter>CMake Rules</Filter>
    </CustomBuild>
    <CustomBuild Include="E:\libjpeg-turbo-master (3)\libjpeg-turbo-master\vs2017\CMakeFiles\4707fca084909c1c53c737649b296ee2\jcsample-mmx.asm.obj.rule">
      <Filter>CMake Rules</Filter>
    </CustomBuild>
    <CustomBuild Include="E:\libjpeg-turbo-master (3)\libjpeg-turbo-master\vs2017\CMakeFiles\4707fca084909c1c53c737649b296ee2\jdcolor-mmx.asm.obj.rule">
      <Filter>CMake Rules</Filter>
    </CustomBuild>
    <CustomBuild Include="E:\libjpeg-turbo-master (3)\libjpeg-turbo-master\vs2017\CMakeFiles\4707fca084909c1c53c737649b296ee2\jdmerge-mmx.asm.obj.rule">
      <Filter>CMake Rules</Filter>
    </CustomBuild>
    <CustomBuild Include="E:\libjpeg-turbo-master (3)\libjpeg-turbo-master\vs2017\CMakeFiles\4707fca084909c1c53c737649b296ee2\jdsample-mmx.asm.obj.rule">
      <Filter>CMake Rules</Filter>
    </CustomBuild>
    <CustomBuild Include="E:\libjpeg-turbo-master (3)\libjpeg-turbo-master\vs2017\CMakeFiles\4707fca084909c1c53c737649b296ee2\jfdctfst-mmx.asm.obj.rule">
      <Filter>CMake Rules</Filter>
    </CustomBuild>
    <CustomBuild Include="E:\libjpeg-turbo-master (3)\libjpeg-turbo-master\vs2017\CMakeFiles\4707fca084909c1c53c737649b296ee2\jfdctint-mmx.asm.obj.rule">
      <Filter>CMake Rules</Filter>
    </CustomBuild>
    <CustomBuild Include="E:\libjpeg-turbo-master (3)\libjpeg-turbo-master\vs2017\CMakeFiles\4707fca084909c1c53c737649b296ee2\jidctfst-mmx.asm.obj.rule">
      <Filter>CMake Rules</Filter>
    </CustomBuild>
    <CustomBuild Include="E:\libjpeg-turbo-master (3)\libjpeg-turbo-master\vs2017\CMakeFiles\4707fca084909c1c53c737649b296ee2\jidctint-mmx.asm.obj.rule">
      <Filter>CMake Rules</Filter>
    </CustomBuild>
    <CustomBuild Include="E:\libjpeg-turbo-master (3)\libjpeg-turbo-master\vs2017\CMakeFiles\4707fca084909c1c53c737649b296ee2\jidctred-mmx.asm.obj.rule">
      <Filter>CMake Rules</Filter>
    </CustomBuild>
    <CustomBuild Include="E:\libjpeg-turbo-master (3)\libjpeg-turbo-master\vs2017\CMakeFiles\4707fca084909c1c53c737649b296ee2\jquant-mmx.asm.obj.rule">
      <Filter>CMake Rules</Filter>
    </CustomBuild>
    <CustomBuild Include="E:\libjpeg-turbo-master (3)\libjpeg-turbo-master\vs2017\CMakeFiles\4707fca084909c1c53c737649b296ee2\jfdctflt-sse.asm.obj.rule">
      <Filter>CMake Rules</Filter>
    </CustomBuild>
    <CustomBuild Include="E:\libjpeg-turbo-master (3)\libjpeg-turbo-master\vs2017\CMakeFiles\4707fca084909c1c53c737649b296ee2\jidctflt-sse.asm.obj.rule">
      <Filter>CMake Rules</Filter>
    </CustomBuild>
    <CustomBuild Include="E:\libjpeg-turbo-master (3)\libjpeg-turbo-master\vs2017\CMakeFiles\4707fca084909c1c53c737649b296ee2\jquant-sse.asm.obj.rule">
      <Filter>CMake Rules</Filter>
    </CustomBuild>
    <CustomBuild Include="E:\libjpeg-turbo-master (3)\libjpeg-turbo-master\vs2017\CMakeFiles\4707fca084909c1c53c737649b296ee2\jccolor-sse2.asm.obj.rule">
      <Filter>CMake Rules</Filter>
    </CustomBuild>
    <CustomBuild Include="E:\libjpeg-turbo-master (3)\libjpeg-turbo-master\vs2017\CMakeFiles\4707fca084909c1c53c737649b296ee2\jcgray-sse2.asm.obj.rule">
      <Filter>CMake Rules</Filter>
    </CustomBuild>
    <CustomBuild Include="E:\libjpeg-turbo-master (3)\libjpeg-turbo-master\vs2017\CMakeFiles\4707fca084909c1c53c737649b296ee2\jchuff-sse2.asm.obj.rule">
      <Filter>CMake Rules</Filter>
    </CustomBuild>
    <CustomBuild Include="E:\libjpeg-turbo-master (3)\libjpeg-turbo-master\vs2017\CMakeFiles\4707fca084909c1c53c737649b296ee2\jcphuff-sse2.asm.obj.rule">
      <Filter>CMake Rules</Filter>
    </CustomBuild>
    <CustomBuild Include="E:\libjpeg-turbo-master (3)\libjpeg-turbo-master\vs2017\CMakeFiles\4707fca084909c1c53c737649b296ee2\jcsample-sse2.asm.obj.rule">
      <Filter>CMake Rules</Filter>
    </CustomBuild>
    <CustomBuild Include="E:\libjpeg-turbo-master (3)\libjpeg-turbo-master\vs2017\CMakeFiles\4707fca084909c1c53c737649b296ee2\jdcolor-sse2.asm.obj.rule">
      <Filter>CMake Rules</Filter>
    </CustomBuild>
    <CustomBuild Include="E:\libjpeg-turbo-master (3)\libjpeg-turbo-master\vs2017\CMakeFiles\4707fca084909c1c53c737649b296ee2\jdmerge-sse2.asm.obj.rule">
      <Filter>CMake Rules</Filter>
    </CustomBuild>
    <CustomBuild Include="E:\libjpeg-turbo-master (3)\libjpeg-turbo-master\vs2017\CMakeFiles\4707fca084909c1c53c737649b296ee2\jdsample-sse2.asm.obj.rule">
      <Filter>CMake Rules</Filter>
    </CustomBuild>
    <CustomBuild Include="E:\libjpeg-turbo-master (3)\libjpeg-turbo-master\vs2017\CMakeFiles\4707fca084909c1c53c737649b296ee2\jfdctfst-sse2.asm.obj.rule">
      <Filter>CMake Rules</Filter>
    </CustomBuild>
    <CustomBuild Include="E:\libjpeg-turbo-master (3)\libjpeg-turbo-master\vs2017\CMakeFiles\4707fca084909c1c53c737649b296ee2\jfdctint-sse2.asm.obj.rule">
      <Filter>CMake Rules</Filter>
    </CustomBuild>
    <CustomBuild Include="E:\libjpeg-turbo-master (3)\libjpeg-turbo-master\vs2017\CMakeFiles\4707fca084909c1c53c737649b296ee2\jidctflt-sse2.asm.obj.rule">
      <Filter>CMake Rules</Filter>
    </CustomBuild>
    <CustomBuild Include="E:\libjpeg-turbo-master (3)\libjpeg-turbo-master\vs2017\CMakeFiles\4707fca084909c1c53c737649b296ee2\jidctfst-sse2.asm.obj.rule">
      <Filter>CMake Rules</Filter>
    </CustomBuild>
    <CustomBuild Include="E:\libjpeg-turbo-master (3)\libjpeg-turbo-master\vs2017\CMakeFiles\4707fca084909c1c53c737649b296ee2\jidctint-sse2.asm.obj.rule">
      <Filter>CMake Rules</Filter>
    </CustomBuild>
    <CustomBuild Include="E:\libjpeg-turbo-master (3)\libjpeg-turbo-master\vs2017\CMakeFiles\4707fca084909c1c53c737649b296ee2\jidctred-sse2.asm.obj.rule">
      <Filter>CMake Rules</Filter>
    </CustomBuild>
    <CustomBuild Include="E:\libjpeg-turbo-master (3)\libjpeg-turbo-master\vs2017\CMakeFiles\4707fca084909c1c53c737649b296ee2\jquantf-sse2.asm.obj.rule">
      <Filter>CMake Rules</Filter>
    </CustomBuild>
    <CustomBuild Include="E:\libjpeg-turbo-master (3)\libjpeg-turbo-master\vs2017\CMakeFiles\4707fca084909c1c53c737649b296ee2\jquanti-sse2.asm.obj.rule">
      <Filter>CMake Rules</Filter>
    </CustomBuild>
    <CustomBuild Include="E:\libjpeg-turbo-master (3)\libjpeg-turbo-master\vs2017\CMakeFiles\4707fca084909c1c53c737649b296ee2\jccolor-avx2.asm.obj.rule">
      <Filter>CMake Rules</Filter>
    </CustomBuild>
    <CustomBuild Include="E:\libjpeg-turbo-master (3)\libjpeg-turbo-master\vs2017\CMakeFiles\4707fca084909c1c53c737649b296ee2\jcgray-avx2.asm.obj.rule">
      <Filter>CMake Rules</Filter>
    </CustomBuild>
    <CustomBuild Include="E:\libjpeg-turbo-master (3)\libjpeg-turbo-master\vs2017\CMakeFiles\4707fca084909c1c53c737649b296ee2\jcsample-avx2.asm.obj.rule">
      <Filter>CMake Rules</Filter>
    </CustomBuild>
    <CustomBuild Include="E:\libjpeg-turbo-master (3)\libjpeg-turbo-master\vs2017\CMakeFiles\4707fca084909c1c53c737649b296ee2\jdcolor-avx2.asm.obj.rule">
      <Filter>CMake Rules</Filter>
    </CustomBuild>
    <CustomBuild Include="E:\libjpeg-turbo-master (3)\libjpeg-turbo-master\vs2017\CMakeFiles\4707fca084909c1c53c737649b296ee2\jdmerge-avx2.asm.obj.rule">
      <Filter>CMake Rules</Filter>
    </CustomBuild>
    <CustomBuild Include="E:\libjpeg-turbo-master (3)\libjpeg-turbo-master\vs2017\CMakeFiles\4707fca084909c1c53c737649b296ee2\jdsample-avx2.asm.obj.rule">
      <Filter>CMake Rules</Filter>
    </CustomBuild>
    <CustomBuild Include="E:\libjpeg-turbo-master (3)\libjpeg-turbo-master\vs2017\CMakeFiles\4707fca084909c1c53c737649b296ee2\jfdctint-avx2.asm.obj.rule">
      <Filter>CMake Rules</Filter>
    </CustomBuild>
    <CustomBuild Include="E:\libjpeg-turbo-master (3)\libjpeg-turbo-master\vs2017\CMakeFiles\4707fca084909c1c53c737649b296ee2\jidctint-avx2.asm.obj.rule">
      <Filter>CMake Rules</Filter>
    </CustomBuild>
    <CustomBuild Include="E:\libjpeg-turbo-master (3)\libjpeg-turbo-master\vs2017\CMakeFiles\4707fca084909c1c53c737649b296ee2\jquanti-avx2.asm.obj.rule">
      <Filter>CMake Rules</Filter>
    </CustomBuild>
    <CustomBuild Include="E:\libjpeg-turbo-master (3)\libjpeg-turbo-master\vs2017\CMakeFiles\7a9ed5c60b039b4df168927cd2413b7d\simd-objs.rule">
      <Filter>CMake Rules</Filter>
    </CustomBuild>
    <CustomBuild Include="E:\libjpeg-turbo-master (3)\libjpeg-turbo-master\simd\CMakeLists.txt" />
  </ItemGroup>
  <ItemGroup>
    <None Include="E:\libjpeg-turbo-master (3)\libjpeg-turbo-master\vs2017\simd\CMakeFiles\simd-objs" />
  </ItemGroup>
  <ItemGroup>
    <Filter Include="CMake Rules">
      <UniqueIdentifier>{BC76E5F3-4EAC-3156-9271-C97F4306EF42}</UniqueIdentifier>
    </Filter>
  </ItemGroup>
</Project>
