Microsoft Visual Studio Solution File, Format Version 12.00
# Visual Studio 2012
Project("{8BC9CEB8-8B4A-11D0-8D11-00A0C91BC942}") = "ALL_BUILD", "ALL_BUILD.vcxproj", "{178E665C-2222-32ED-9BCA-B40C60A8593B}"
	ProjectSection(ProjectDependencies) = postProject
		{1C574087-1753-37A9-AF16-C71C3AC9DA19} = {1C574087-1753-37A9-AF16-C71C3AC9DA19}
		{8FE36217-2CDC-3400-96E3-75F86D7D3607} = {8FE36217-2CDC-3400-96E3-75F86D7D3607}
		{8CF04DBB-02C0-3A13-AFEB-7BE46CD5801D} = {8CF04DBB-02C0-3A13-AFEB-7BE46CD5801D}
		{18DE8839-F97D-3F81-8F02-CF9CF06312D5} = {18DE8839-F97D-3F81-8F02-CF9CF06312D5}
		{55FD0616-822A-3302-B9BB-B5BBE9737C45} = {55FD0616-822A-3302-B9BB-B5BBE9737C45}
		{4FCEEBAB-AC62-31C5-A3CA-301C027FDB2A} = {4FCEEBAB-AC62-31C5-A3CA-301C027FDB2A}
		{56CA4690-B2E0-3CF9-A835-973381ACC7A3} = {56CA4690-B2E0-3CF9-A835-973381ACC7A3}
		{75EAE8B1-EEF3-3FC0-B968-4F27AC2FB235} = {75EAE8B1-EEF3-3FC0-B968-4F27AC2FB235}
		{5ED5C606-E2CF-384D-A4CB-5F5E3EE22E0D} = {5ED5C606-E2CF-384D-A4CB-5F5E3EE22E0D}
		{C737CF3B-9FDF-31A1-8EFE-E458B65963C5} = {C737CF3B-9FDF-31A1-8EFE-E458B65963C5}
		{7B679B10-64CB-36D2-B02C-CBF24ED976BD} = {7B679B10-64CB-36D2-B02C-CBF24ED976BD}
		{5DFF3452-9A53-372F-90F9-3E0811A12D82} = {5DFF3452-9A53-372F-90F9-3E0811A12D82}
		{7D35B6AF-B2A1-3E0F-88F0-98FF954C0456} = {7D35B6AF-B2A1-3E0F-88F0-98FF954C0456}
		{C25E6AB6-4C60-3417-9059-703EBEE6D734} = {C25E6AB6-4C60-3417-9059-703EBEE6D734}
		{FCE0D7D1-3A25-3F6C-9D9C-EF5FA6F7BC67} = {FCE0D7D1-3A25-3F6C-9D9C-EF5FA6F7BC67}
		{8B8B898E-7409-3C13-8838-E710D3C8F1A8} = {8B8B898E-7409-3C13-8838-E710D3C8F1A8}
		{F3DB88F4-BAF7-38FE-A901-546CDAD49A4E} = {F3DB88F4-BAF7-38FE-A901-546CDAD49A4E}
		{D3E29163-719A-3E45-B043-5115D81C5EDA} = {D3E29163-719A-3E45-B043-5115D81C5EDA}
		{EEA6E823-1558-36C5-B2E7-49027DD3FEB0} = {EEA6E823-1558-36C5-B2E7-49027DD3FEB0}
		{0DC34F4E-9435-38B6-A89D-9207820435E1} = {0DC34F4E-9435-38B6-A89D-9207820435E1}
		{9518F6B8-BC6F-3F6E-89B3-114771BFCBB3} = {9518F6B8-BC6F-3F6E-89B3-114771BFCBB3}
	EndProjectSection
EndProject
Project("{8BC9CEB8-8B4A-11D0-8D11-00A0C91BC942}") = "INSTALL", "INSTALL.vcxproj", "{63E17BFA-0655-3072-84ED-34283077095B}"
	ProjectSection(ProjectDependencies) = postProject
		{178E665C-2222-32ED-9BCA-B40C60A8593B} = {178E665C-2222-32ED-9BCA-B40C60A8593B}
		{1C574087-1753-37A9-AF16-C71C3AC9DA19} = {1C574087-1753-37A9-AF16-C71C3AC9DA19}
	EndProjectSection
EndProject
Project("{8BC9CEB8-8B4A-11D0-8D11-00A0C91BC942}") = "RUN_TESTS", "RUN_TESTS.vcxproj", "{54AEC531-C71D-39D5-A34C-FEA922A318C5}"
	ProjectSection(ProjectDependencies) = postProject
		{1C574087-1753-37A9-AF16-C71C3AC9DA19} = {1C574087-1753-37A9-AF16-C71C3AC9DA19}
	EndProjectSection
EndProject
Project("{8BC9CEB8-8B4A-11D0-8D11-00A0C91BC942}") = "ZERO_CHECK", "ZERO_CHECK.vcxproj", "{1C574087-1753-37A9-AF16-C71C3AC9DA19}"
	ProjectSection(ProjectDependencies) = postProject
	EndProjectSection
EndProject
Project("{8BC9CEB8-8B4A-11D0-8D11-00A0C91BC942}") = "cjpeg", "sharedlib\cjpeg.vcxproj", "{8FE36217-2CDC-3400-96E3-75F86D7D3607}"
	ProjectSection(ProjectDependencies) = postProject
		{1C574087-1753-37A9-AF16-C71C3AC9DA19} = {1C574087-1753-37A9-AF16-C71C3AC9DA19}
		{56CA4690-B2E0-3CF9-A835-973381ACC7A3} = {56CA4690-B2E0-3CF9-A835-973381ACC7A3}
	EndProjectSection
EndProject
Project("{8BC9CEB8-8B4A-11D0-8D11-00A0C91BC942}") = "cjpeg-static", "cjpeg-static.vcxproj", "{8CF04DBB-02C0-3A13-AFEB-7BE46CD5801D}"
	ProjectSection(ProjectDependencies) = postProject
		{1C574087-1753-37A9-AF16-C71C3AC9DA19} = {1C574087-1753-37A9-AF16-C71C3AC9DA19}
		{75EAE8B1-EEF3-3FC0-B968-4F27AC2FB235} = {75EAE8B1-EEF3-3FC0-B968-4F27AC2FB235}
	EndProjectSection
EndProject
Project("{8BC9CEB8-8B4A-11D0-8D11-00A0C91BC942}") = "dist", "dist.vcxproj", "{0CC14160-4D9C-3A29-A2AA-46FA86908AC3}"
	ProjectSection(ProjectDependencies) = postProject
		{1C574087-1753-37A9-AF16-C71C3AC9DA19} = {1C574087-1753-37A9-AF16-C71C3AC9DA19}
	EndProjectSection
EndProject
Project("{8BC9CEB8-8B4A-11D0-8D11-00A0C91BC942}") = "djpeg", "sharedlib\djpeg.vcxproj", "{18DE8839-F97D-3F81-8F02-CF9CF06312D5}"
	ProjectSection(ProjectDependencies) = postProject
		{1C574087-1753-37A9-AF16-C71C3AC9DA19} = {1C574087-1753-37A9-AF16-C71C3AC9DA19}
		{56CA4690-B2E0-3CF9-A835-973381ACC7A3} = {56CA4690-B2E0-3CF9-A835-973381ACC7A3}
	EndProjectSection
EndProject
Project("{8BC9CEB8-8B4A-11D0-8D11-00A0C91BC942}") = "djpeg-static", "djpeg-static.vcxproj", "{55FD0616-822A-3302-B9BB-B5BBE9737C45}"
	ProjectSection(ProjectDependencies) = postProject
		{1C574087-1753-37A9-AF16-C71C3AC9DA19} = {1C574087-1753-37A9-AF16-C71C3AC9DA19}
		{75EAE8B1-EEF3-3FC0-B968-4F27AC2FB235} = {75EAE8B1-EEF3-3FC0-B968-4F27AC2FB235}
	EndProjectSection
EndProject
Project("{8BC9CEB8-8B4A-11D0-8D11-00A0C91BC942}") = "installer", "installer.vcxproj", "{1FB57291-8298-3E24-A960-E0F838E5500D}"
	ProjectSection(ProjectDependencies) = postProject
		{1C574087-1753-37A9-AF16-C71C3AC9DA19} = {1C574087-1753-37A9-AF16-C71C3AC9DA19}
		{8FE36217-2CDC-3400-96E3-75F86D7D3607} = {8FE36217-2CDC-3400-96E3-75F86D7D3607}
		{18DE8839-F97D-3F81-8F02-CF9CF06312D5} = {18DE8839-F97D-3F81-8F02-CF9CF06312D5}
		{56CA4690-B2E0-3CF9-A835-973381ACC7A3} = {56CA4690-B2E0-3CF9-A835-973381ACC7A3}
		{75EAE8B1-EEF3-3FC0-B968-4F27AC2FB235} = {75EAE8B1-EEF3-3FC0-B968-4F27AC2FB235}
		{5ED5C606-E2CF-384D-A4CB-5F5E3EE22E0D} = {5ED5C606-E2CF-384D-A4CB-5F5E3EE22E0D}
		{5DFF3452-9A53-372F-90F9-3E0811A12D82} = {5DFF3452-9A53-372F-90F9-3E0811A12D82}
		{C25E6AB6-4C60-3417-9059-703EBEE6D734} = {C25E6AB6-4C60-3417-9059-703EBEE6D734}
		{EEA6E823-1558-36C5-B2E7-49027DD3FEB0} = {EEA6E823-1558-36C5-B2E7-49027DD3FEB0}
		{0DC34F4E-9435-38B6-A89D-9207820435E1} = {0DC34F4E-9435-38B6-A89D-9207820435E1}
		{9518F6B8-BC6F-3F6E-89B3-114771BFCBB3} = {9518F6B8-BC6F-3F6E-89B3-114771BFCBB3}
	EndProjectSection
EndProject
Project("{8BC9CEB8-8B4A-11D0-8D11-00A0C91BC942}") = "jcstest", "sharedlib\jcstest.vcxproj", "{4FCEEBAB-AC62-31C5-A3CA-301C027FDB2A}"
	ProjectSection(ProjectDependencies) = postProject
		{1C574087-1753-37A9-AF16-C71C3AC9DA19} = {1C574087-1753-37A9-AF16-C71C3AC9DA19}
		{56CA4690-B2E0-3CF9-A835-973381ACC7A3} = {56CA4690-B2E0-3CF9-A835-973381ACC7A3}
	EndProjectSection
EndProject
Project("{8BC9CEB8-8B4A-11D0-8D11-00A0C91BC942}") = "jpeg", "sharedlib\jpeg.vcxproj", "{56CA4690-B2E0-3CF9-A835-973381ACC7A3}"
	ProjectSection(ProjectDependencies) = postProject
		{1C574087-1753-37A9-AF16-C71C3AC9DA19} = {1C574087-1753-37A9-AF16-C71C3AC9DA19}
		{7D35B6AF-B2A1-3E0F-88F0-98FF954C0456} = {7D35B6AF-B2A1-3E0F-88F0-98FF954C0456}
	EndProjectSection
EndProject
Project("{8BC9CEB8-8B4A-11D0-8D11-00A0C91BC942}") = "jpeg-static", "jpeg-static.vcxproj", "{75EAE8B1-EEF3-3FC0-B968-4F27AC2FB235}"
	ProjectSection(ProjectDependencies) = postProject
		{1C574087-1753-37A9-AF16-C71C3AC9DA19} = {1C574087-1753-37A9-AF16-C71C3AC9DA19}
		{7D35B6AF-B2A1-3E0F-88F0-98FF954C0456} = {7D35B6AF-B2A1-3E0F-88F0-98FF954C0456}
	EndProjectSection
EndProject
Project("{8BC9CEB8-8B4A-11D0-8D11-00A0C91BC942}") = "jpegtran", "sharedlib\jpegtran.vcxproj", "{5ED5C606-E2CF-384D-A4CB-5F5E3EE22E0D}"
	ProjectSection(ProjectDependencies) = postProject
		{1C574087-1753-37A9-AF16-C71C3AC9DA19} = {1C574087-1753-37A9-AF16-C71C3AC9DA19}
		{56CA4690-B2E0-3CF9-A835-973381ACC7A3} = {56CA4690-B2E0-3CF9-A835-973381ACC7A3}
	EndProjectSection
EndProject
Project("{8BC9CEB8-8B4A-11D0-8D11-00A0C91BC942}") = "jpegtran-static", "jpegtran-static.vcxproj", "{C737CF3B-9FDF-31A1-8EFE-E458B65963C5}"
	ProjectSection(ProjectDependencies) = postProject
		{1C574087-1753-37A9-AF16-C71C3AC9DA19} = {1C574087-1753-37A9-AF16-C71C3AC9DA19}
		{75EAE8B1-EEF3-3FC0-B968-4F27AC2FB235} = {75EAE8B1-EEF3-3FC0-B968-4F27AC2FB235}
	EndProjectSection
EndProject
Project("{8BC9CEB8-8B4A-11D0-8D11-00A0C91BC942}") = "jsimdcfg", "simd\jsimdcfg.vcxproj", "{BDC5FB88-9C47-3662-8FB2-EBE4D72FF27A}"
	ProjectSection(ProjectDependencies) = postProject
		{1C574087-1753-37A9-AF16-C71C3AC9DA19} = {1C574087-1753-37A9-AF16-C71C3AC9DA19}
	EndProjectSection
EndProject
Project("{8BC9CEB8-8B4A-11D0-8D11-00A0C91BC942}") = "md5cmp", "md5\md5cmp.vcxproj", "{7B679B10-64CB-36D2-B02C-CBF24ED976BD}"
	ProjectSection(ProjectDependencies) = postProject
		{1C574087-1753-37A9-AF16-C71C3AC9DA19} = {1C574087-1753-37A9-AF16-C71C3AC9DA19}
	EndProjectSection
EndProject
Project("{8BC9CEB8-8B4A-11D0-8D11-00A0C91BC942}") = "rdjpgcom", "rdjpgcom.vcxproj", "{5DFF3452-9A53-372F-90F9-3E0811A12D82}"
	ProjectSection(ProjectDependencies) = postProject
		{1C574087-1753-37A9-AF16-C71C3AC9DA19} = {1C574087-1753-37A9-AF16-C71C3AC9DA19}
	EndProjectSection
EndProject
Project("{8BC9CEB8-8B4A-11D0-8D11-00A0C91BC942}") = "simd", "simd\simd.vcxproj", "{7D35B6AF-B2A1-3E0F-88F0-98FF954C0456}"
	ProjectSection(ProjectDependencies) = postProject
		{1C574087-1753-37A9-AF16-C71C3AC9DA19} = {1C574087-1753-37A9-AF16-C71C3AC9DA19}
		{A50C4DB7-6884-3327-A58B-0642CE1205C7} = {A50C4DB7-6884-3327-A58B-0642CE1205C7}
	EndProjectSection
EndProject
Project("{8BC9CEB8-8B4A-11D0-8D11-00A0C91BC942}") = "simd-objs", "simd\simd-objs.vcxproj", "{A50C4DB7-6884-3327-A58B-0642CE1205C7}"
	ProjectSection(ProjectDependencies) = postProject
		{1C574087-1753-37A9-AF16-C71C3AC9DA19} = {1C574087-1753-37A9-AF16-C71C3AC9DA19}
	EndProjectSection
EndProject
Project("{8BC9CEB8-8B4A-11D0-8D11-00A0C91BC942}") = "tarball", "tarball.vcxproj", "{0CD80A0C-6649-3C37-B726-DA0CB1728FB3}"
	ProjectSection(ProjectDependencies) = postProject
		{1C574087-1753-37A9-AF16-C71C3AC9DA19} = {1C574087-1753-37A9-AF16-C71C3AC9DA19}
	EndProjectSection
EndProject
Project("{8BC9CEB8-8B4A-11D0-8D11-00A0C91BC942}") = "testclean", "testclean.vcxproj", "{69527217-FE37-3362-B108-1CEF269C7B59}"
	ProjectSection(ProjectDependencies) = postProject
		{1C574087-1753-37A9-AF16-C71C3AC9DA19} = {1C574087-1753-37A9-AF16-C71C3AC9DA19}
	EndProjectSection
EndProject
Project("{8BC9CEB8-8B4A-11D0-8D11-00A0C91BC942}") = "tjbench", "tjbench.vcxproj", "{C25E6AB6-4C60-3417-9059-703EBEE6D734}"
	ProjectSection(ProjectDependencies) = postProject
		{1C574087-1753-37A9-AF16-C71C3AC9DA19} = {1C574087-1753-37A9-AF16-C71C3AC9DA19}
		{EEA6E823-1558-36C5-B2E7-49027DD3FEB0} = {EEA6E823-1558-36C5-B2E7-49027DD3FEB0}
	EndProjectSection
EndProject
Project("{8BC9CEB8-8B4A-11D0-8D11-00A0C91BC942}") = "tjbench-static", "tjbench-static.vcxproj", "{FCE0D7D1-3A25-3F6C-9D9C-EF5FA6F7BC67}"
	ProjectSection(ProjectDependencies) = postProject
		{1C574087-1753-37A9-AF16-C71C3AC9DA19} = {1C574087-1753-37A9-AF16-C71C3AC9DA19}
		{0DC34F4E-9435-38B6-A89D-9207820435E1} = {0DC34F4E-9435-38B6-A89D-9207820435E1}
	EndProjectSection
EndProject
Project("{8BC9CEB8-8B4A-11D0-8D11-00A0C91BC942}") = "tjexample", "tjexample.vcxproj", "{8B8B898E-7409-3C13-8838-E710D3C8F1A8}"
	ProjectSection(ProjectDependencies) = postProject
		{1C574087-1753-37A9-AF16-C71C3AC9DA19} = {1C574087-1753-37A9-AF16-C71C3AC9DA19}
		{EEA6E823-1558-36C5-B2E7-49027DD3FEB0} = {EEA6E823-1558-36C5-B2E7-49027DD3FEB0}
	EndProjectSection
EndProject
Project("{8BC9CEB8-8B4A-11D0-8D11-00A0C91BC942}") = "tjtest", "tjtest.vcxproj", "{67EED469-32FE-3305-BDB9-BE644DAF8D14}"
	ProjectSection(ProjectDependencies) = postProject
		{1C574087-1753-37A9-AF16-C71C3AC9DA19} = {1C574087-1753-37A9-AF16-C71C3AC9DA19}
	EndProjectSection
EndProject
Project("{8BC9CEB8-8B4A-11D0-8D11-00A0C91BC942}") = "tjunittest", "tjunittest.vcxproj", "{F3DB88F4-BAF7-38FE-A901-546CDAD49A4E}"
	ProjectSection(ProjectDependencies) = postProject
		{1C574087-1753-37A9-AF16-C71C3AC9DA19} = {1C574087-1753-37A9-AF16-C71C3AC9DA19}
		{EEA6E823-1558-36C5-B2E7-49027DD3FEB0} = {EEA6E823-1558-36C5-B2E7-49027DD3FEB0}
	EndProjectSection
EndProject
Project("{8BC9CEB8-8B4A-11D0-8D11-00A0C91BC942}") = "tjunittest-static", "tjunittest-static.vcxproj", "{D3E29163-719A-3E45-B043-5115D81C5EDA}"
	ProjectSection(ProjectDependencies) = postProject
		{1C574087-1753-37A9-AF16-C71C3AC9DA19} = {1C574087-1753-37A9-AF16-C71C3AC9DA19}
		{0DC34F4E-9435-38B6-A89D-9207820435E1} = {0DC34F4E-9435-38B6-A89D-9207820435E1}
	EndProjectSection
EndProject
Project("{8BC9CEB8-8B4A-11D0-8D11-00A0C91BC942}") = "turbojpeg", "turbojpeg.vcxproj", "{EEA6E823-1558-36C5-B2E7-49027DD3FEB0}"
	ProjectSection(ProjectDependencies) = postProject
		{1C574087-1753-37A9-AF16-C71C3AC9DA19} = {1C574087-1753-37A9-AF16-C71C3AC9DA19}
		{7D35B6AF-B2A1-3E0F-88F0-98FF954C0456} = {7D35B6AF-B2A1-3E0F-88F0-98FF954C0456}
	EndProjectSection
EndProject
Project("{8BC9CEB8-8B4A-11D0-8D11-00A0C91BC942}") = "turbojpeg-static", "turbojpeg-static.vcxproj", "{0DC34F4E-9435-38B6-A89D-9207820435E1}"
	ProjectSection(ProjectDependencies) = postProject
		{1C574087-1753-37A9-AF16-C71C3AC9DA19} = {1C574087-1753-37A9-AF16-C71C3AC9DA19}
		{7D35B6AF-B2A1-3E0F-88F0-98FF954C0456} = {7D35B6AF-B2A1-3E0F-88F0-98FF954C0456}
	EndProjectSection
EndProject
Project("{8BC9CEB8-8B4A-11D0-8D11-00A0C91BC942}") = "uninstall", "uninstall.vcxproj", "{36949AAE-9F09-3F49-9619-17E98F02F82D}"
	ProjectSection(ProjectDependencies) = postProject
		{1C574087-1753-37A9-AF16-C71C3AC9DA19} = {1C574087-1753-37A9-AF16-C71C3AC9DA19}
	EndProjectSection
EndProject
Project("{8BC9CEB8-8B4A-11D0-8D11-00A0C91BC942}") = "wrjpgcom", "wrjpgcom.vcxproj", "{9518F6B8-BC6F-3F6E-89B3-114771BFCBB3}"
	ProjectSection(ProjectDependencies) = postProject
		{1C574087-1753-37A9-AF16-C71C3AC9DA19} = {1C574087-1753-37A9-AF16-C71C3AC9DA19}
	EndProjectSection
EndProject
Global
	GlobalSection(SolutionConfigurationPlatforms) = preSolution
		Debug|Win32 = Debug|Win32
		Release|Win32 = Release|Win32
		MinSizeRel|Win32 = MinSizeRel|Win32
		RelWithDebInfo|Win32 = RelWithDebInfo|Win32
	EndGlobalSection
	GlobalSection(ProjectConfigurationPlatforms) = postSolution
		{178E665C-2222-32ED-9BCA-B40C60A8593B}.Debug|Win32.ActiveCfg = Debug|Win32
		{178E665C-2222-32ED-9BCA-B40C60A8593B}.Debug|Win32.Build.0 = Debug|Win32
		{178E665C-2222-32ED-9BCA-B40C60A8593B}.Release|Win32.ActiveCfg = Release|Win32
		{178E665C-2222-32ED-9BCA-B40C60A8593B}.Release|Win32.Build.0 = Release|Win32
		{178E665C-2222-32ED-9BCA-B40C60A8593B}.MinSizeRel|Win32.ActiveCfg = MinSizeRel|Win32
		{178E665C-2222-32ED-9BCA-B40C60A8593B}.MinSizeRel|Win32.Build.0 = MinSizeRel|Win32
		{178E665C-2222-32ED-9BCA-B40C60A8593B}.RelWithDebInfo|Win32.ActiveCfg = RelWithDebInfo|Win32
		{178E665C-2222-32ED-9BCA-B40C60A8593B}.RelWithDebInfo|Win32.Build.0 = RelWithDebInfo|Win32
		{63E17BFA-0655-3072-84ED-34283077095B}.Debug|Win32.ActiveCfg = Debug|Win32
		{63E17BFA-0655-3072-84ED-34283077095B}.Release|Win32.ActiveCfg = Release|Win32
		{63E17BFA-0655-3072-84ED-34283077095B}.MinSizeRel|Win32.ActiveCfg = MinSizeRel|Win32
		{63E17BFA-0655-3072-84ED-34283077095B}.RelWithDebInfo|Win32.ActiveCfg = RelWithDebInfo|Win32
		{54AEC531-C71D-39D5-A34C-FEA922A318C5}.Debug|Win32.ActiveCfg = Debug|Win32
		{54AEC531-C71D-39D5-A34C-FEA922A318C5}.Release|Win32.ActiveCfg = Release|Win32
		{54AEC531-C71D-39D5-A34C-FEA922A318C5}.MinSizeRel|Win32.ActiveCfg = MinSizeRel|Win32
		{54AEC531-C71D-39D5-A34C-FEA922A318C5}.RelWithDebInfo|Win32.ActiveCfg = RelWithDebInfo|Win32
		{1C574087-1753-37A9-AF16-C71C3AC9DA19}.Debug|Win32.ActiveCfg = Debug|Win32
		{1C574087-1753-37A9-AF16-C71C3AC9DA19}.Debug|Win32.Build.0 = Debug|Win32
		{1C574087-1753-37A9-AF16-C71C3AC9DA19}.Release|Win32.ActiveCfg = Release|Win32
		{1C574087-1753-37A9-AF16-C71C3AC9DA19}.Release|Win32.Build.0 = Release|Win32
		{1C574087-1753-37A9-AF16-C71C3AC9DA19}.MinSizeRel|Win32.ActiveCfg = MinSizeRel|Win32
		{1C574087-1753-37A9-AF16-C71C3AC9DA19}.MinSizeRel|Win32.Build.0 = MinSizeRel|Win32
		{1C574087-1753-37A9-AF16-C71C3AC9DA19}.RelWithDebInfo|Win32.ActiveCfg = RelWithDebInfo|Win32
		{1C574087-1753-37A9-AF16-C71C3AC9DA19}.RelWithDebInfo|Win32.Build.0 = RelWithDebInfo|Win32
		{8FE36217-2CDC-3400-96E3-75F86D7D3607}.Debug|Win32.ActiveCfg = Debug|Win32
		{8FE36217-2CDC-3400-96E3-75F86D7D3607}.Debug|Win32.Build.0 = Debug|Win32
		{8FE36217-2CDC-3400-96E3-75F86D7D3607}.Release|Win32.ActiveCfg = Release|Win32
		{8FE36217-2CDC-3400-96E3-75F86D7D3607}.Release|Win32.Build.0 = Release|Win32
		{8FE36217-2CDC-3400-96E3-75F86D7D3607}.MinSizeRel|Win32.ActiveCfg = MinSizeRel|Win32
		{8FE36217-2CDC-3400-96E3-75F86D7D3607}.MinSizeRel|Win32.Build.0 = MinSizeRel|Win32
		{8FE36217-2CDC-3400-96E3-75F86D7D3607}.RelWithDebInfo|Win32.ActiveCfg = RelWithDebInfo|Win32
		{8FE36217-2CDC-3400-96E3-75F86D7D3607}.RelWithDebInfo|Win32.Build.0 = RelWithDebInfo|Win32
		{8CF04DBB-02C0-3A13-AFEB-7BE46CD5801D}.Debug|Win32.ActiveCfg = Debug|Win32
		{8CF04DBB-02C0-3A13-AFEB-7BE46CD5801D}.Debug|Win32.Build.0 = Debug|Win32
		{8CF04DBB-02C0-3A13-AFEB-7BE46CD5801D}.Release|Win32.ActiveCfg = Release|Win32
		{8CF04DBB-02C0-3A13-AFEB-7BE46CD5801D}.Release|Win32.Build.0 = Release|Win32
		{8CF04DBB-02C0-3A13-AFEB-7BE46CD5801D}.MinSizeRel|Win32.ActiveCfg = MinSizeRel|Win32
		{8CF04DBB-02C0-3A13-AFEB-7BE46CD5801D}.MinSizeRel|Win32.Build.0 = MinSizeRel|Win32
		{8CF04DBB-02C0-3A13-AFEB-7BE46CD5801D}.RelWithDebInfo|Win32.ActiveCfg = RelWithDebInfo|Win32
		{8CF04DBB-02C0-3A13-AFEB-7BE46CD5801D}.RelWithDebInfo|Win32.Build.0 = RelWithDebInfo|Win32
		{0CC14160-4D9C-3A29-A2AA-46FA86908AC3}.Debug|Win32.ActiveCfg = Debug|Win32
		{0CC14160-4D9C-3A29-A2AA-46FA86908AC3}.Release|Win32.ActiveCfg = Release|Win32
		{0CC14160-4D9C-3A29-A2AA-46FA86908AC3}.MinSizeRel|Win32.ActiveCfg = MinSizeRel|Win32
		{0CC14160-4D9C-3A29-A2AA-46FA86908AC3}.RelWithDebInfo|Win32.ActiveCfg = RelWithDebInfo|Win32
		{18DE8839-F97D-3F81-8F02-CF9CF06312D5}.Debug|Win32.ActiveCfg = Debug|Win32
		{18DE8839-F97D-3F81-8F02-CF9CF06312D5}.Debug|Win32.Build.0 = Debug|Win32
		{18DE8839-F97D-3F81-8F02-CF9CF06312D5}.Release|Win32.ActiveCfg = Release|Win32
		{18DE8839-F97D-3F81-8F02-CF9CF06312D5}.Release|Win32.Build.0 = Release|Win32
		{18DE8839-F97D-3F81-8F02-CF9CF06312D5}.MinSizeRel|Win32.ActiveCfg = MinSizeRel|Win32
		{18DE8839-F97D-3F81-8F02-CF9CF06312D5}.MinSizeRel|Win32.Build.0 = MinSizeRel|Win32
		{18DE8839-F97D-3F81-8F02-CF9CF06312D5}.RelWithDebInfo|Win32.ActiveCfg = RelWithDebInfo|Win32
		{18DE8839-F97D-3F81-8F02-CF9CF06312D5}.RelWithDebInfo|Win32.Build.0 = RelWithDebInfo|Win32
		{55FD0616-822A-3302-B9BB-B5BBE9737C45}.Debug|Win32.ActiveCfg = Debug|Win32
		{55FD0616-822A-3302-B9BB-B5BBE9737C45}.Debug|Win32.Build.0 = Debug|Win32
		{55FD0616-822A-3302-B9BB-B5BBE9737C45}.Release|Win32.ActiveCfg = Release|Win32
		{55FD0616-822A-3302-B9BB-B5BBE9737C45}.Release|Win32.Build.0 = Release|Win32
		{55FD0616-822A-3302-B9BB-B5BBE9737C45}.MinSizeRel|Win32.ActiveCfg = MinSizeRel|Win32
		{55FD0616-822A-3302-B9BB-B5BBE9737C45}.MinSizeRel|Win32.Build.0 = MinSizeRel|Win32
		{55FD0616-822A-3302-B9BB-B5BBE9737C45}.RelWithDebInfo|Win32.ActiveCfg = RelWithDebInfo|Win32
		{55FD0616-822A-3302-B9BB-B5BBE9737C45}.RelWithDebInfo|Win32.Build.0 = RelWithDebInfo|Win32
		{1FB57291-8298-3E24-A960-E0F838E5500D}.Debug|Win32.ActiveCfg = Debug|Win32
		{1FB57291-8298-3E24-A960-E0F838E5500D}.Release|Win32.ActiveCfg = Release|Win32
		{1FB57291-8298-3E24-A960-E0F838E5500D}.MinSizeRel|Win32.ActiveCfg = MinSizeRel|Win32
		{1FB57291-8298-3E24-A960-E0F838E5500D}.RelWithDebInfo|Win32.ActiveCfg = RelWithDebInfo|Win32
		{4FCEEBAB-AC62-31C5-A3CA-301C027FDB2A}.Debug|Win32.ActiveCfg = Debug|Win32
		{4FCEEBAB-AC62-31C5-A3CA-301C027FDB2A}.Debug|Win32.Build.0 = Debug|Win32
		{4FCEEBAB-AC62-31C5-A3CA-301C027FDB2A}.Release|Win32.ActiveCfg = Release|Win32
		{4FCEEBAB-AC62-31C5-A3CA-301C027FDB2A}.Release|Win32.Build.0 = Release|Win32
		{4FCEEBAB-AC62-31C5-A3CA-301C027FDB2A}.MinSizeRel|Win32.ActiveCfg = MinSizeRel|Win32
		{4FCEEBAB-AC62-31C5-A3CA-301C027FDB2A}.MinSizeRel|Win32.Build.0 = MinSizeRel|Win32
		{4FCEEBAB-AC62-31C5-A3CA-301C027FDB2A}.RelWithDebInfo|Win32.ActiveCfg = RelWithDebInfo|Win32
		{4FCEEBAB-AC62-31C5-A3CA-301C027FDB2A}.RelWithDebInfo|Win32.Build.0 = RelWithDebInfo|Win32
		{56CA4690-B2E0-3CF9-A835-973381ACC7A3}.Debug|Win32.ActiveCfg = Debug|Win32
		{56CA4690-B2E0-3CF9-A835-973381ACC7A3}.Debug|Win32.Build.0 = Debug|Win32
		{56CA4690-B2E0-3CF9-A835-973381ACC7A3}.Release|Win32.ActiveCfg = Release|Win32
		{56CA4690-B2E0-3CF9-A835-973381ACC7A3}.Release|Win32.Build.0 = Release|Win32
		{56CA4690-B2E0-3CF9-A835-973381ACC7A3}.MinSizeRel|Win32.ActiveCfg = MinSizeRel|Win32
		{56CA4690-B2E0-3CF9-A835-973381ACC7A3}.MinSizeRel|Win32.Build.0 = MinSizeRel|Win32
		{56CA4690-B2E0-3CF9-A835-973381ACC7A3}.RelWithDebInfo|Win32.ActiveCfg = RelWithDebInfo|Win32
		{56CA4690-B2E0-3CF9-A835-973381ACC7A3}.RelWithDebInfo|Win32.Build.0 = RelWithDebInfo|Win32
		{75EAE8B1-EEF3-3FC0-B968-4F27AC2FB235}.Debug|Win32.ActiveCfg = Debug|Win32
		{75EAE8B1-EEF3-3FC0-B968-4F27AC2FB235}.Debug|Win32.Build.0 = Debug|Win32
		{75EAE8B1-EEF3-3FC0-B968-4F27AC2FB235}.Release|Win32.ActiveCfg = Release|Win32
		{75EAE8B1-EEF3-3FC0-B968-4F27AC2FB235}.Release|Win32.Build.0 = Release|Win32
		{75EAE8B1-EEF3-3FC0-B968-4F27AC2FB235}.MinSizeRel|Win32.ActiveCfg = MinSizeRel|Win32
		{75EAE8B1-EEF3-3FC0-B968-4F27AC2FB235}.MinSizeRel|Win32.Build.0 = MinSizeRel|Win32
		{75EAE8B1-EEF3-3FC0-B968-4F27AC2FB235}.RelWithDebInfo|Win32.ActiveCfg = RelWithDebInfo|Win32
		{75EAE8B1-EEF3-3FC0-B968-4F27AC2FB235}.RelWithDebInfo|Win32.Build.0 = RelWithDebInfo|Win32
		{5ED5C606-E2CF-384D-A4CB-5F5E3EE22E0D}.Debug|Win32.ActiveCfg = Debug|Win32
		{5ED5C606-E2CF-384D-A4CB-5F5E3EE22E0D}.Debug|Win32.Build.0 = Debug|Win32
		{5ED5C606-E2CF-384D-A4CB-5F5E3EE22E0D}.Release|Win32.ActiveCfg = Release|Win32
		{5ED5C606-E2CF-384D-A4CB-5F5E3EE22E0D}.Release|Win32.Build.0 = Release|Win32
		{5ED5C606-E2CF-384D-A4CB-5F5E3EE22E0D}.MinSizeRel|Win32.ActiveCfg = MinSizeRel|Win32
		{5ED5C606-E2CF-384D-A4CB-5F5E3EE22E0D}.MinSizeRel|Win32.Build.0 = MinSizeRel|Win32
		{5ED5C606-E2CF-384D-A4CB-5F5E3EE22E0D}.RelWithDebInfo|Win32.ActiveCfg = RelWithDebInfo|Win32
		{5ED5C606-E2CF-384D-A4CB-5F5E3EE22E0D}.RelWithDebInfo|Win32.Build.0 = RelWithDebInfo|Win32
		{C737CF3B-9FDF-31A1-8EFE-E458B65963C5}.Debug|Win32.ActiveCfg = Debug|Win32
		{C737CF3B-9FDF-31A1-8EFE-E458B65963C5}.Debug|Win32.Build.0 = Debug|Win32
		{C737CF3B-9FDF-31A1-8EFE-E458B65963C5}.Release|Win32.ActiveCfg = Release|Win32
		{C737CF3B-9FDF-31A1-8EFE-E458B65963C5}.Release|Win32.Build.0 = Release|Win32
		{C737CF3B-9FDF-31A1-8EFE-E458B65963C5}.MinSizeRel|Win32.ActiveCfg = MinSizeRel|Win32
		{C737CF3B-9FDF-31A1-8EFE-E458B65963C5}.MinSizeRel|Win32.Build.0 = MinSizeRel|Win32
		{C737CF3B-9FDF-31A1-8EFE-E458B65963C5}.RelWithDebInfo|Win32.ActiveCfg = RelWithDebInfo|Win32
		{C737CF3B-9FDF-31A1-8EFE-E458B65963C5}.RelWithDebInfo|Win32.Build.0 = RelWithDebInfo|Win32
		{BDC5FB88-9C47-3662-8FB2-EBE4D72FF27A}.Debug|Win32.ActiveCfg = Debug|Win32
		{BDC5FB88-9C47-3662-8FB2-EBE4D72FF27A}.Release|Win32.ActiveCfg = Release|Win32
		{BDC5FB88-9C47-3662-8FB2-EBE4D72FF27A}.MinSizeRel|Win32.ActiveCfg = MinSizeRel|Win32
		{BDC5FB88-9C47-3662-8FB2-EBE4D72FF27A}.RelWithDebInfo|Win32.ActiveCfg = RelWithDebInfo|Win32
		{7B679B10-64CB-36D2-B02C-CBF24ED976BD}.Debug|Win32.ActiveCfg = Debug|Win32
		{7B679B10-64CB-36D2-B02C-CBF24ED976BD}.Debug|Win32.Build.0 = Debug|Win32
		{7B679B10-64CB-36D2-B02C-CBF24ED976BD}.Release|Win32.ActiveCfg = Release|Win32
		{7B679B10-64CB-36D2-B02C-CBF24ED976BD}.Release|Win32.Build.0 = Release|Win32
		{7B679B10-64CB-36D2-B02C-CBF24ED976BD}.MinSizeRel|Win32.ActiveCfg = MinSizeRel|Win32
		{7B679B10-64CB-36D2-B02C-CBF24ED976BD}.MinSizeRel|Win32.Build.0 = MinSizeRel|Win32
		{7B679B10-64CB-36D2-B02C-CBF24ED976BD}.RelWithDebInfo|Win32.ActiveCfg = RelWithDebInfo|Win32
		{7B679B10-64CB-36D2-B02C-CBF24ED976BD}.RelWithDebInfo|Win32.Build.0 = RelWithDebInfo|Win32
		{5DFF3452-9A53-372F-90F9-3E0811A12D82}.Debug|Win32.ActiveCfg = Debug|Win32
		{5DFF3452-9A53-372F-90F9-3E0811A12D82}.Debug|Win32.Build.0 = Debug|Win32
		{5DFF3452-9A53-372F-90F9-3E0811A12D82}.Release|Win32.ActiveCfg = Release|Win32
		{5DFF3452-9A53-372F-90F9-3E0811A12D82}.Release|Win32.Build.0 = Release|Win32
		{5DFF3452-9A53-372F-90F9-3E0811A12D82}.MinSizeRel|Win32.ActiveCfg = MinSizeRel|Win32
		{5DFF3452-9A53-372F-90F9-3E0811A12D82}.MinSizeRel|Win32.Build.0 = MinSizeRel|Win32
		{5DFF3452-9A53-372F-90F9-3E0811A12D82}.RelWithDebInfo|Win32.ActiveCfg = RelWithDebInfo|Win32
		{5DFF3452-9A53-372F-90F9-3E0811A12D82}.RelWithDebInfo|Win32.Build.0 = RelWithDebInfo|Win32
		{7D35B6AF-B2A1-3E0F-88F0-98FF954C0456}.Debug|Win32.ActiveCfg = Debug|Win32
		{7D35B6AF-B2A1-3E0F-88F0-98FF954C0456}.Debug|Win32.Build.0 = Debug|Win32
		{7D35B6AF-B2A1-3E0F-88F0-98FF954C0456}.Release|Win32.ActiveCfg = Release|Win32
		{7D35B6AF-B2A1-3E0F-88F0-98FF954C0456}.Release|Win32.Build.0 = Release|Win32
		{7D35B6AF-B2A1-3E0F-88F0-98FF954C0456}.MinSizeRel|Win32.ActiveCfg = MinSizeRel|Win32
		{7D35B6AF-B2A1-3E0F-88F0-98FF954C0456}.MinSizeRel|Win32.Build.0 = MinSizeRel|Win32
		{7D35B6AF-B2A1-3E0F-88F0-98FF954C0456}.RelWithDebInfo|Win32.ActiveCfg = RelWithDebInfo|Win32
		{7D35B6AF-B2A1-3E0F-88F0-98FF954C0456}.RelWithDebInfo|Win32.Build.0 = RelWithDebInfo|Win32
		{A50C4DB7-6884-3327-A58B-0642CE1205C7}.Debug|Win32.ActiveCfg = Debug|Win32
		{A50C4DB7-6884-3327-A58B-0642CE1205C7}.Debug|Win32.Build.0 = Debug|Win32
		{A50C4DB7-6884-3327-A58B-0642CE1205C7}.Release|Win32.ActiveCfg = Release|Win32
		{A50C4DB7-6884-3327-A58B-0642CE1205C7}.Release|Win32.Build.0 = Release|Win32
		{A50C4DB7-6884-3327-A58B-0642CE1205C7}.MinSizeRel|Win32.ActiveCfg = MinSizeRel|Win32
		{A50C4DB7-6884-3327-A58B-0642CE1205C7}.MinSizeRel|Win32.Build.0 = MinSizeRel|Win32
		{A50C4DB7-6884-3327-A58B-0642CE1205C7}.RelWithDebInfo|Win32.ActiveCfg = RelWithDebInfo|Win32
		{A50C4DB7-6884-3327-A58B-0642CE1205C7}.RelWithDebInfo|Win32.Build.0 = RelWithDebInfo|Win32
		{0CD80A0C-6649-3C37-B726-DA0CB1728FB3}.Debug|Win32.ActiveCfg = Debug|Win32
		{0CD80A0C-6649-3C37-B726-DA0CB1728FB3}.Release|Win32.ActiveCfg = Release|Win32
		{0CD80A0C-6649-3C37-B726-DA0CB1728FB3}.MinSizeRel|Win32.ActiveCfg = MinSizeRel|Win32
		{0CD80A0C-6649-3C37-B726-DA0CB1728FB3}.RelWithDebInfo|Win32.ActiveCfg = RelWithDebInfo|Win32
		{69527217-FE37-3362-B108-1CEF269C7B59}.Debug|Win32.ActiveCfg = Debug|Win32
		{69527217-FE37-3362-B108-1CEF269C7B59}.Release|Win32.ActiveCfg = Release|Win32
		{69527217-FE37-3362-B108-1CEF269C7B59}.MinSizeRel|Win32.ActiveCfg = MinSizeRel|Win32
		{69527217-FE37-3362-B108-1CEF269C7B59}.RelWithDebInfo|Win32.ActiveCfg = RelWithDebInfo|Win32
		{C25E6AB6-4C60-3417-9059-703EBEE6D734}.Debug|Win32.ActiveCfg = Debug|Win32
		{C25E6AB6-4C60-3417-9059-703EBEE6D734}.Debug|Win32.Build.0 = Debug|Win32
		{C25E6AB6-4C60-3417-9059-703EBEE6D734}.Release|Win32.ActiveCfg = Release|Win32
		{C25E6AB6-4C60-3417-9059-703EBEE6D734}.Release|Win32.Build.0 = Release|Win32
		{C25E6AB6-4C60-3417-9059-703EBEE6D734}.MinSizeRel|Win32.ActiveCfg = MinSizeRel|Win32
		{C25E6AB6-4C60-3417-9059-703EBEE6D734}.MinSizeRel|Win32.Build.0 = MinSizeRel|Win32
		{C25E6AB6-4C60-3417-9059-703EBEE6D734}.RelWithDebInfo|Win32.ActiveCfg = RelWithDebInfo|Win32
		{C25E6AB6-4C60-3417-9059-703EBEE6D734}.RelWithDebInfo|Win32.Build.0 = RelWithDebInfo|Win32
		{FCE0D7D1-3A25-3F6C-9D9C-EF5FA6F7BC67}.Debug|Win32.ActiveCfg = Debug|Win32
		{FCE0D7D1-3A25-3F6C-9D9C-EF5FA6F7BC67}.Debug|Win32.Build.0 = Debug|Win32
		{FCE0D7D1-3A25-3F6C-9D9C-EF5FA6F7BC67}.Release|Win32.ActiveCfg = Release|Win32
		{FCE0D7D1-3A25-3F6C-9D9C-EF5FA6F7BC67}.Release|Win32.Build.0 = Release|Win32
		{FCE0D7D1-3A25-3F6C-9D9C-EF5FA6F7BC67}.MinSizeRel|Win32.ActiveCfg = MinSizeRel|Win32
		{FCE0D7D1-3A25-3F6C-9D9C-EF5FA6F7BC67}.MinSizeRel|Win32.Build.0 = MinSizeRel|Win32
		{FCE0D7D1-3A25-3F6C-9D9C-EF5FA6F7BC67}.RelWithDebInfo|Win32.ActiveCfg = RelWithDebInfo|Win32
		{FCE0D7D1-3A25-3F6C-9D9C-EF5FA6F7BC67}.RelWithDebInfo|Win32.Build.0 = RelWithDebInfo|Win32
		{8B8B898E-7409-3C13-8838-E710D3C8F1A8}.Debug|Win32.ActiveCfg = Debug|Win32
		{8B8B898E-7409-3C13-8838-E710D3C8F1A8}.Debug|Win32.Build.0 = Debug|Win32
		{8B8B898E-7409-3C13-8838-E710D3C8F1A8}.Release|Win32.ActiveCfg = Release|Win32
		{8B8B898E-7409-3C13-8838-E710D3C8F1A8}.Release|Win32.Build.0 = Release|Win32
		{8B8B898E-7409-3C13-8838-E710D3C8F1A8}.MinSizeRel|Win32.ActiveCfg = MinSizeRel|Win32
		{8B8B898E-7409-3C13-8838-E710D3C8F1A8}.MinSizeRel|Win32.Build.0 = MinSizeRel|Win32
		{8B8B898E-7409-3C13-8838-E710D3C8F1A8}.RelWithDebInfo|Win32.ActiveCfg = RelWithDebInfo|Win32
		{8B8B898E-7409-3C13-8838-E710D3C8F1A8}.RelWithDebInfo|Win32.Build.0 = RelWithDebInfo|Win32
		{67EED469-32FE-3305-BDB9-BE644DAF8D14}.Debug|Win32.ActiveCfg = Debug|Win32
		{67EED469-32FE-3305-BDB9-BE644DAF8D14}.Release|Win32.ActiveCfg = Release|Win32
		{67EED469-32FE-3305-BDB9-BE644DAF8D14}.MinSizeRel|Win32.ActiveCfg = MinSizeRel|Win32
		{67EED469-32FE-3305-BDB9-BE644DAF8D14}.RelWithDebInfo|Win32.ActiveCfg = RelWithDebInfo|Win32
		{F3DB88F4-BAF7-38FE-A901-546CDAD49A4E}.Debug|Win32.ActiveCfg = Debug|Win32
		{F3DB88F4-BAF7-38FE-A901-546CDAD49A4E}.Debug|Win32.Build.0 = Debug|Win32
		{F3DB88F4-BAF7-38FE-A901-546CDAD49A4E}.Release|Win32.ActiveCfg = Release|Win32
		{F3DB88F4-BAF7-38FE-A901-546CDAD49A4E}.Release|Win32.Build.0 = Release|Win32
		{F3DB88F4-BAF7-38FE-A901-546CDAD49A4E}.MinSizeRel|Win32.ActiveCfg = MinSizeRel|Win32
		{F3DB88F4-BAF7-38FE-A901-546CDAD49A4E}.MinSizeRel|Win32.Build.0 = MinSizeRel|Win32
		{F3DB88F4-BAF7-38FE-A901-546CDAD49A4E}.RelWithDebInfo|Win32.ActiveCfg = RelWithDebInfo|Win32
		{F3DB88F4-BAF7-38FE-A901-546CDAD49A4E}.RelWithDebInfo|Win32.Build.0 = RelWithDebInfo|Win32
		{D3E29163-719A-3E45-B043-5115D81C5EDA}.Debug|Win32.ActiveCfg = Debug|Win32
		{D3E29163-719A-3E45-B043-5115D81C5EDA}.Debug|Win32.Build.0 = Debug|Win32
		{D3E29163-719A-3E45-B043-5115D81C5EDA}.Release|Win32.ActiveCfg = Release|Win32
		{D3E29163-719A-3E45-B043-5115D81C5EDA}.Release|Win32.Build.0 = Release|Win32
		{D3E29163-719A-3E45-B043-5115D81C5EDA}.MinSizeRel|Win32.ActiveCfg = MinSizeRel|Win32
		{D3E29163-719A-3E45-B043-5115D81C5EDA}.MinSizeRel|Win32.Build.0 = MinSizeRel|Win32
		{D3E29163-719A-3E45-B043-5115D81C5EDA}.RelWithDebInfo|Win32.ActiveCfg = RelWithDebInfo|Win32
		{D3E29163-719A-3E45-B043-5115D81C5EDA}.RelWithDebInfo|Win32.Build.0 = RelWithDebInfo|Win32
		{EEA6E823-1558-36C5-B2E7-49027DD3FEB0}.Debug|Win32.ActiveCfg = Debug|Win32
		{EEA6E823-1558-36C5-B2E7-49027DD3FEB0}.Debug|Win32.Build.0 = Debug|Win32
		{EEA6E823-1558-36C5-B2E7-49027DD3FEB0}.Release|Win32.ActiveCfg = Release|Win32
		{EEA6E823-1558-36C5-B2E7-49027DD3FEB0}.Release|Win32.Build.0 = Release|Win32
		{EEA6E823-1558-36C5-B2E7-49027DD3FEB0}.MinSizeRel|Win32.ActiveCfg = MinSizeRel|Win32
		{EEA6E823-1558-36C5-B2E7-49027DD3FEB0}.MinSizeRel|Win32.Build.0 = MinSizeRel|Win32
		{EEA6E823-1558-36C5-B2E7-49027DD3FEB0}.RelWithDebInfo|Win32.ActiveCfg = RelWithDebInfo|Win32
		{EEA6E823-1558-36C5-B2E7-49027DD3FEB0}.RelWithDebInfo|Win32.Build.0 = RelWithDebInfo|Win32
		{0DC34F4E-9435-38B6-A89D-9207820435E1}.Debug|Win32.ActiveCfg = Debug|Win32
		{0DC34F4E-9435-38B6-A89D-9207820435E1}.Debug|Win32.Build.0 = Debug|Win32
		{0DC34F4E-9435-38B6-A89D-9207820435E1}.Release|Win32.ActiveCfg = Release|Win32
		{0DC34F4E-9435-38B6-A89D-9207820435E1}.Release|Win32.Build.0 = Release|Win32
		{0DC34F4E-9435-38B6-A89D-9207820435E1}.MinSizeRel|Win32.ActiveCfg = MinSizeRel|Win32
		{0DC34F4E-9435-38B6-A89D-9207820435E1}.MinSizeRel|Win32.Build.0 = MinSizeRel|Win32
		{0DC34F4E-9435-38B6-A89D-9207820435E1}.RelWithDebInfo|Win32.ActiveCfg = RelWithDebInfo|Win32
		{0DC34F4E-9435-38B6-A89D-9207820435E1}.RelWithDebInfo|Win32.Build.0 = RelWithDebInfo|Win32
		{36949AAE-9F09-3F49-9619-17E98F02F82D}.Debug|Win32.ActiveCfg = Debug|Win32
		{36949AAE-9F09-3F49-9619-17E98F02F82D}.Release|Win32.ActiveCfg = Release|Win32
		{36949AAE-9F09-3F49-9619-17E98F02F82D}.MinSizeRel|Win32.ActiveCfg = MinSizeRel|Win32
		{36949AAE-9F09-3F49-9619-17E98F02F82D}.RelWithDebInfo|Win32.ActiveCfg = RelWithDebInfo|Win32
		{9518F6B8-BC6F-3F6E-89B3-114771BFCBB3}.Debug|Win32.ActiveCfg = Debug|Win32
		{9518F6B8-BC6F-3F6E-89B3-114771BFCBB3}.Debug|Win32.Build.0 = Debug|Win32
		{9518F6B8-BC6F-3F6E-89B3-114771BFCBB3}.Release|Win32.ActiveCfg = Release|Win32
		{9518F6B8-BC6F-3F6E-89B3-114771BFCBB3}.Release|Win32.Build.0 = Release|Win32
		{9518F6B8-BC6F-3F6E-89B3-114771BFCBB3}.MinSizeRel|Win32.ActiveCfg = MinSizeRel|Win32
		{9518F6B8-BC6F-3F6E-89B3-114771BFCBB3}.MinSizeRel|Win32.Build.0 = MinSizeRel|Win32
		{9518F6B8-BC6F-3F6E-89B3-114771BFCBB3}.RelWithDebInfo|Win32.ActiveCfg = RelWithDebInfo|Win32
		{9518F6B8-BC6F-3F6E-89B3-114771BFCBB3}.RelWithDebInfo|Win32.Build.0 = RelWithDebInfo|Win32
	EndGlobalSection
	GlobalSection(ExtensibilityGlobals) = postSolution
		SolutionGuid = {A51FF16B-899E-3D24-90CA-C0A0CFA82CB5}
	EndGlobalSection
	GlobalSection(ExtensibilityAddIns) = postSolution
	EndGlobalSection
EndGlobal
